# THIS IS AN AUTOGENERATED FILE. DO NOT EDIT THIS FILE DIRECTLY.
# yarn lockfile v1


"@types/d3-color@^1":
  version "1.4.2"
  resolved "https://registry.yarnpkg.com/@types/d3-color/-/d3-color-1.4.2.tgz#944f281d04a0f06e134ea96adbb68303515b2784"
  integrity sha512-fYtiVLBYy7VQX+Kx7wU/uOIkGQn8aAEY8oWMoyja3N4dLd8Yf6XgSIR/4yWvMuveNOH5VShnqCgRqqh/UNanBA==

"@types/d3-interpolate@^1.3.1":
  version "1.4.2"
  resolved "https://registry.yarnpkg.com/@types/d3-interpolate/-/d3-interpolate-1.4.2.tgz#88902a205f682773a517612299a44699285eed7b"
  integrity sha512-ylycts6llFf8yAEs1tXzx2loxxzDZHseuhPokrqKprTQSTcD3JbJI1omZP1rphsELZO3Q+of3ff0ZS7+O6yVzg==
  dependencies:
    "@types/d3-color" "^1"

"@types/d3-path@^1", "@types/d3-path@^1.0.8":
  version "1.0.9"
  resolved "https://registry.yarnpkg.com/@types/d3-path/-/d3-path-1.0.9.tgz#73526b150d14cd96e701597cbf346cfd1fd4a58c"
  integrity sha512-NaIeSIBiFgSC6IGUBjZWcscUJEq7vpVu7KthHN8eieTV9d9MqkSOZLH4chq1PmcKy06PNe3axLeKmRIyxJ+PZQ==

"@types/d3-scale@^3.3.0":
  version "3.3.2"
  resolved "https://registry.yarnpkg.com/@types/d3-scale/-/d3-scale-3.3.2.tgz#18c94e90f4f1c6b1ee14a70f14bfca2bd1c61d06"
  integrity sha512-gGqr7x1ost9px3FvIfUMi5XA/F/yAf4UkUDtdQhpH92XCT0Oa7zkkRzY61gPVJq+DxpHn/btouw5ohWkbBsCzQ==
  dependencies:
    "@types/d3-time" "^2"

"@types/d3-shape@^1.3.1":
  version "1.3.8"
  resolved "https://registry.yarnpkg.com/@types/d3-shape/-/d3-shape-1.3.8.tgz#c3c15ec7436b4ce24e38de517586850f1fea8e89"
  integrity sha512-gqfnMz6Fd5H6GOLYixOZP/xlrMtJms9BaS+6oWxTKHNqPGZ93BkWWupQSCYm6YHqx6h9wjRupuJb90bun6ZaYg==
  dependencies:
    "@types/d3-path" "^1"

"@types/d3-time@^2", "@types/d3-time@^2.0.0":
  version "2.1.1"
  resolved "https://registry.yarnpkg.com/@types/d3-time/-/d3-time-2.1.1.tgz#743fdc821c81f86537cbfece07093ac39b4bc342"
  integrity sha512-9MVYlmIgmRR31C5b4FVSWtuMmBHh2mOWQYfl7XAYOa8dsnb7iEmUmRSWSFgXFtkjxO65d7hTUHQC+RhR/9IWFg==

"@types/domhandler@2.4.1":
  version "2.4.1"
  resolved "https://registry.yarnpkg.com/@types/domhandler/-/domhandler-2.4.1.tgz#7b3b347f7762180fbcb1ece1ce3dd0ebbb8c64cf"
  integrity sha512-cfBw6q6tT5sa1gSPFSRKzF/xxYrrmeiut7E0TxNBObiLSBTuFEHibcfEe3waQPEDbqBsq+ql/TOniw65EyDFMA==

"@types/domutils@*":
  version "1.7.4"
  resolved "https://registry.yarnpkg.com/@types/domutils/-/domutils-1.7.4.tgz#bb5f1807673e295782614b0a383b4dc1ecd2af97"
  integrity sha512-w542nRQ0vpXQjLYP52LKqrugQtUq580dEDiDIyZ6IBmV8a3LXjGVNxfj/jUQxS0kDsbZAWsSxQOcTfVX3HRdwg==
  dependencies:
    domhandler "^2.4.0"

"@types/htmlparser2@3.10.2":
  version "3.10.2"
  resolved "https://registry.yarnpkg.com/@types/htmlparser2/-/htmlparser2-3.10.2.tgz#bd43702eaf2f15c2d26784c8427352a0a4aa75eb"
  integrity sha512-81vjuO800UMoHjYbCbqtBmfC3iCsrROKpqndo0acKiN6k/cpW+YOw9FzRP0ghujHeUNCOox2AQPrrMy6+j5UpQ==
  dependencies:
    "@types/domutils" "*"
    "@types/node" "*"
    domhandler "^2.4.0"

"@types/lodash@^4.14.172":
  version "4.14.175"
  resolved "https://registry.yarnpkg.com/@types/lodash/-/lodash-4.14.175.tgz#b78dfa959192b01fae0ad90e166478769b215f45"
  integrity sha512-XmdEOrKQ8a1Y/yxQFOMbC47G/V2VDO1GvMRnl4O75M4GW/abC5tnfzadQYkqEveqRM1dEJGFFegfPNA2vvx2iw==

"@types/node@*":
  version "16.11.0"
  resolved "https://registry.yarnpkg.com/@types/node/-/node-16.11.0.tgz#4b95f2327bacd1ef8f08d8ceda193039c5d7f52e"
  integrity sha512-8MLkBIYQMuhRBQzGN9875bYsOhPnf/0rgXGo66S2FemHkhbn9qtsz9ywV1iCG+vbjigE4WUNVvw37Dx+L0qsPg==

"@types/prop-types@*":
  version "15.7.4"
  resolved "https://registry.yarnpkg.com/@types/prop-types/-/prop-types-15.7.4.tgz#fcf7205c25dff795ee79af1e30da2c9790808f11"
  integrity sha512-rZ5drC/jWjrArrS8BR6SIr4cWpW09RNTYt9AMZo3Jwwif+iacXAqgVjm0B0Bv/S1jhDXKHqRVNCbACkJ89RAnQ==

"@types/react@*":
  version "17.0.30"
  resolved "https://registry.yarnpkg.com/@types/react/-/react-17.0.30.tgz#2f8e6f5ab6415c091cc5e571942ee9064b17609e"
  integrity sha512-3Dt/A8gd3TCXi2aRe84y7cK1K8G+N9CZRDG8kDGguOKa0kf/ZkSwTmVIDPsm/KbQOVMaDJXwhBtuOXxqwdpWVg==
  dependencies:
    "@types/prop-types" "*"
    "@types/scheduler" "*"
    csstype "^3.0.2"

"@types/scheduler@*":
  version "0.16.2"
  resolved "https://registry.yarnpkg.com/@types/scheduler/-/scheduler-0.16.2.tgz#1a62f89525723dde24ba1b01b092bf5df8ad4d39"
  integrity sha512-hppQEBDmlwhFAXKJX2KnWLYu5yMfi91yazPb2l+lbJiwW+wdo1gNeRA+3RgNSO39WYX2euey41KEwnqesU2Jew==

"@visx/curve@2.1.0":
  version "2.1.0"
  resolved "https://registry.yarnpkg.com/@visx/curve/-/curve-2.1.0.tgz#f614bfe3db66df7db7382db7a75ced1506b94602"
  integrity sha512-9b6JOnx91gmOQiSPhUOxdsvcnW88fgqfTPKoVgQxidMsD/I3wksixtwo8TR/vtEz2aHzzsEEhlv1qK7Y3yaSDw==
  dependencies:
    "@types/d3-shape" "^1.3.1"
    d3-shape "^1.0.6"

"@visx/group@2.1.0":
  version "2.1.0"
  resolved "https://registry.yarnpkg.com/@visx/group/-/group-2.1.0.tgz#65d4a72feb20dd09443f73cdc12ad5fb339792ef"
  integrity sha512-bZKa54yVjGYPZZhzYHLz4AVlidSr4ET9B/xmSa7nnictMJWr7e/IuZThB/bMfDQlgdtvhcfTgs+ZluySc5SBUg==
  dependencies:
    "@types/react" "*"
    classnames "^2.3.1"
    prop-types "^15.6.2"

"@visx/scale@2.1.2":
  version "2.1.2"
  resolved "https://registry.yarnpkg.com/@visx/scale/-/scale-2.1.2.tgz#d8d09f6c36f2e7860d7a3fd11974e8ee092bf8a9"
  integrity sha512-iC3uLh8LBuk9YGTMD+5GdP8GcoBvN4U3CDDGwa2tbTv9Dw2pevph8QBXgZDEHuvgpxw7yNgqD28tTuidDhN2pA==
  dependencies:
    "@types/d3-interpolate" "^1.3.1"
    "@types/d3-scale" "^3.3.0"
    "@types/d3-time" "^2.0.0"
    d3-interpolate "^1.4.0"
    d3-scale "^3.3.0"
    d3-time "^2.1.1"

"@visx/shape@^2.1.1":
  version "2.1.2"
  resolved "https://registry.yarnpkg.com/@visx/shape/-/shape-2.1.2.tgz#cdecc1ac0ab32b72591bef7efb9b1d1474c3b0c2"
  integrity sha512-NiRs9TaK5qGFpoGxecPpJKg/uo5FLmGazq3R8mTSz8h8tkrTqjnZrp77wS1u4uY+3E76egIeWOcJiiSIa/oG8w==
  dependencies:
    "@types/d3-path" "^1.0.8"
    "@types/d3-shape" "^1.3.1"
    "@types/lodash" "^4.14.172"
    "@types/react" "*"
    "@visx/curve" "2.1.0"
    "@visx/group" "2.1.0"
    "@visx/scale" "2.1.2"
    classnames "^2.3.1"
    d3-path "^1.0.5"
    d3-shape "^1.2.0"
    lodash "^4.17.21"
    prop-types "^15.5.10"

chroma-js@^2.1.0:
  version "2.1.2"
  resolved "https://registry.yarnpkg.com/chroma-js/-/chroma-js-2.1.2.tgz#1075cb9ae25bcb2017c109394168b5cf3aa500ec"
  integrity sha512-ri/ouYDWuxfus3UcaMxC1Tfp3IE9K5iQzxc2hSxbBRVNQFut1UuGAsZmiAf2mOUubzGJwgMSv9lHg+XqLaz1QQ==
  dependencies:
    cross-env "^6.0.3"

chroma@0.0.1:
  version "0.0.1"
  resolved "https://registry.yarnpkg.com/chroma/-/chroma-0.0.1.tgz#a59132defa72113b9312fa98d2587c67d309f989"
  integrity sha1-pZEy3vpyETuTEvqY0lh8Z9MJ+Yk=

classnames@^2.3.1:
  version "2.3.1"
  resolved "https://registry.yarnpkg.com/classnames/-/classnames-2.3.1.tgz#dfcfa3891e306ec1dad105d0e88f4417b8535e8e"
  integrity sha512-OlQdbZ7gLfGarSqxesMesDa5uz7KFbID8Kpq/SxIoNGDqY8lSYs0D+hhtBXhcdB3rcbXArFr7vlHheLk1voeNA==

cross-env@^6.0.3:
  version "6.0.3"
  resolved "https://registry.yarnpkg.com/cross-env/-/cross-env-6.0.3.tgz#4256b71e49b3a40637a0ce70768a6ef5c72ae941"
  integrity sha512-+KqxF6LCvfhWvADcDPqo64yVIB31gv/jQulX2NGzKS/g3GEVz6/pt4wjHFtFWsHMddebWD/sDthJemzM4MaAag==
  dependencies:
    cross-spawn "^7.0.0"

cross-spawn@^7.0.0:
  version "7.0.3"
  resolved "https://registry.yarnpkg.com/cross-spawn/-/cross-spawn-7.0.3.tgz#f73a85b9d5d41d045551c177e2882d4ac85728a6"
  integrity sha512-iRDPJKUPVEND7dHPO8rkbOnPpyDygcDFtWjpeWNCgy8WP2rXcxXL8TskReQl6OrB2G7+UJrags1q15Fudc7G6w==
  dependencies:
    path-key "^3.1.0"
    shebang-command "^2.0.0"
    which "^2.0.1"

csstype@^3.0.2:
  version "3.0.9"
  resolved "https://registry.yarnpkg.com/csstype/-/csstype-3.0.9.tgz#6410af31b26bd0520933d02cbc64fce9ce3fbf0b"
  integrity sha512-rpw6JPxK6Rfg1zLOYCSwle2GFOOsnjmDYDaBwEcwoOg4qlsIVCN789VkBZDJAGi4T07gI4YSutR43t9Zz4Lzuw==

d3-array@2, d3-array@^2.3.0:
  version "2.12.1"
  resolved "https://registry.yarnpkg.com/d3-array/-/d3-array-2.12.1.tgz#e20b41aafcdffdf5d50928004ececf815a465e81"
  integrity sha512-B0ErZK/66mHtEsR1TkPEEkwdy+WDesimkM5gpZr5Dsg54BiTA5RXtYW5qTLIAcekaS9xfZrzBLF/OAkB3Qn1YQ==
  dependencies:
    internmap "^1.0.0"

d3-color@1:
  version "1.4.1"
  resolved "https://registry.yarnpkg.com/d3-color/-/d3-color-1.4.1.tgz#c52002bf8846ada4424d55d97982fef26eb3bc8a"
  integrity sha512-p2sTHSLCJI2QKunbGb7ocOh7DgTAn8IrLx21QRc/BSnodXM4sv6aLQlnfpvehFMLZEfBc6g9pH9SWQccFYfJ9Q==

"d3-color@1 - 2":
  version "2.0.0"
  resolved "https://registry.yarnpkg.com/d3-color/-/d3-color-2.0.0.tgz#8d625cab42ed9b8f601a1760a389f7ea9189d62e"
  integrity sha512-SPXi0TSKPD4g9tw0NMZFnR95XVgUZiBH+uUTqQuDu1OsE2zomHU7ho0FISciaPvosimixwHFl3WHLGabv6dDgQ==

"d3-format@1 - 2":
  version "2.0.0"
  resolved "https://registry.yarnpkg.com/d3-format/-/d3-format-2.0.0.tgz#a10bcc0f986c372b729ba447382413aabf5b0767"
  integrity sha512-Ab3S6XuE/Q+flY96HXT0jOXcM4EAClYFnRGY5zsjRGNy6qCYrQsMffs7cV5Q9xejb35zxW5hf/guKw34kvIKsA==

"d3-interpolate@1.2.0 - 2":
  version "2.0.1"
  resolved "https://registry.yarnpkg.com/d3-interpolate/-/d3-interpolate-2.0.1.tgz#98be499cfb8a3b94d4ff616900501a64abc91163"
  integrity sha512-c5UhwwTs/yybcmTpAVqwSFl6vrQ8JZJoT5F7xNFK9pymv5C0Ymcc9/LIJHtYIggg/yS9YHw8i8O8tgb9pupjeQ==
  dependencies:
    d3-color "1 - 2"

d3-interpolate@^1.4.0:
  version "1.4.0"
  resolved "https://registry.yarnpkg.com/d3-interpolate/-/d3-interpolate-1.4.0.tgz#526e79e2d80daa383f9e0c1c1c7dcc0f0583e987"
  integrity sha512-V9znK0zc3jOPV4VD2zZn0sDhZU3WAE2bmlxdIwwQPPzPjvyLkd8B3JUVdS1IDUFDkWZ72c9qnv1GK2ZagTZ8EA==
  dependencies:
    d3-color "1"

d3-path@1, d3-path@^1.0.5:
  version "1.0.9"
  resolved "https://registry.yarnpkg.com/d3-path/-/d3-path-1.0.9.tgz#48c050bb1fe8c262493a8caf5524e3e9591701cf"
  integrity sha512-VLaYcn81dtHVTjEHd8B+pbe9yHWpXKZUC87PzoFmsFrJqgFwDe/qxfp5MlfsfM1V5E/iVt0MmEbWQ7FVIXh/bg==

d3-scale@^3.3.0:
  version "3.3.0"
  resolved "https://registry.yarnpkg.com/d3-scale/-/d3-scale-3.3.0.tgz#28c600b29f47e5b9cd2df9749c206727966203f3"
  integrity sha512-1JGp44NQCt5d1g+Yy+GeOnZP7xHo0ii8zsQp6PGzd+C1/dl0KGsp9A7Mxwp+1D1o4unbTTxVdU/ZOIEBoeZPbQ==
  dependencies:
    d3-array "^2.3.0"
    d3-format "1 - 2"
    d3-interpolate "1.2.0 - 2"
    d3-time "^2.1.1"
    d3-time-format "2 - 3"

d3-shape@^1.0.6, d3-shape@^1.2.0:
  version "1.3.7"
  resolved "https://registry.yarnpkg.com/d3-shape/-/d3-shape-1.3.7.tgz#df63801be07bc986bc54f63789b4fe502992b5d7"
  integrity sha512-EUkvKjqPFUAZyOlhY5gzCxCeI0Aep04LwIRpsZ/mLFelJiUfnK56jo5JMDSE7yyP2kLSb6LtF+S5chMk7uqPqw==
  dependencies:
    d3-path "1"

"d3-time-format@2 - 3":
  version "3.0.0"
  resolved "https://registry.yarnpkg.com/d3-time-format/-/d3-time-format-3.0.0.tgz#df8056c83659e01f20ac5da5fdeae7c08d5f1bb6"
  integrity sha512-UXJh6EKsHBTjopVqZBhFysQcoXSv/5yLONZvkQ5Kk3qbwiUYkdX17Xa1PT6U1ZWXGGfB1ey5L8dKMlFq2DO0Ag==
  dependencies:
    d3-time "1 - 2"

"d3-time@1 - 2", d3-time@^2.1.1:
  version "2.1.1"
  resolved "https://registry.yarnpkg.com/d3-time/-/d3-time-2.1.1.tgz#e9d8a8a88691f4548e68ca085e5ff956724a6682"
  integrity sha512-/eIQe/eR4kCQwq7yxi7z4c6qEXf2IYGcjoWB5OOQy4Tq9Uv39/947qlDcN2TLkiTzQWzvnsuYPB9TrWaNfipKQ==
  dependencies:
    d3-array "2"

dom-serializer@0:
  version "0.2.2"
  resolved "https://registry.yarnpkg.com/dom-serializer/-/dom-serializer-0.2.2.tgz#1afb81f533717175d478655debc5e332d9f9bb51"
  integrity sha512-2/xPb3ORsQ42nHYiSunXkDjPLBaEj/xTwUO4B7XCZQTRk7EBtTOPaygh10YAAh2OI1Qrp6NWfpAhzswj0ydt9g==
  dependencies:
    domelementtype "^2.0.1"
    entities "^2.0.0"

domelementtype@1, domelementtype@^1.3.1:
  version "1.3.1"
  resolved "https://registry.yarnpkg.com/domelementtype/-/domelementtype-1.3.1.tgz#d048c44b37b0d10a7f2a3d5fee3f4333d790481f"
  integrity sha512-BSKB+TSpMpFI/HOxCNr1O8aMOTZ8hT3pM3GQ0w/mWRmkhEDSFJkkyzz4XQsBV44BChwGkrDfMyjVD0eA2aFV3w==

domelementtype@^2.0.1:
  version "2.2.0"
  resolved "https://registry.yarnpkg.com/domelementtype/-/domelementtype-2.2.0.tgz#9a0b6c2782ed6a1c7323d42267183df9bd8b1d57"
  integrity sha512-DtBMo82pv1dFtUmHyr48beiuq792Sxohr+8Hm9zoxklYPfa6n0Z3Byjj2IV7bmr2IyqClnqEQhfgHJJ5QF0R5A==

domhandler@2.4.2, domhandler@^2.3.0, domhandler@^2.4.0:
  version "2.4.2"
  resolved "https://registry.yarnpkg.com/domhandler/-/domhandler-2.4.2.tgz#8805097e933d65e85546f726d60f5eb88b44f803"
  integrity sha512-JiK04h0Ht5u/80fdLMCEmV4zkNh2BcoMFBmZ/91WtYZ8qVXSKjiw7fXMgFPnHcSZgOo3XdinHvmnDUeMf5R4wA==
  dependencies:
    domelementtype "1"

domutils@^1.5.1:
  version "1.7.0"
  resolved "https://registry.yarnpkg.com/domutils/-/domutils-1.7.0.tgz#56ea341e834e06e6748af7a1cb25da67ea9f8c2a"
  integrity sha512-Lgd2XcJ/NjEw+7tFvfKxOzCYKZsdct5lczQ2ZaQY8Djz7pfAD3Gbp8ySJWtreII/vDlMVmxwa6pHmdxIYgttDg==
  dependencies:
    dom-serializer "0"
    domelementtype "1"

entities@^1.1.1:
  version "1.1.2"
  resolved "https://registry.yarnpkg.com/entities/-/entities-1.1.2.tgz#bdfa735299664dfafd34529ed4f8522a275fea56"
  integrity sha512-f2LZMYl1Fzu7YSBKg+RoROelpOaNrcGmE9AZubeDfrCEia483oW4MI4VyFd5VNHIgQ/7qm1I0wUHK1eJnn2y2w==

entities@^2.0.0:
  version "2.2.0"
  resolved "https://registry.yarnpkg.com/entities/-/entities-2.2.0.tgz#098dc90ebb83d8dffa089d55256b351d34c4da55"
  integrity sha512-p92if5Nz619I0w+akJrLZH0MX0Pb5DX39XOwQTtXSdQQOaYH03S1uIQp4mhOZtAXrxq4ViO67YTiLBo2638o9A==

html-dom-parser@0.3.0:
  version "0.3.0"
  resolved "https://registry.yarnpkg.com/html-dom-parser/-/html-dom-parser-0.3.0.tgz#19864ca42836ec8750b439600633f145ab5409b9"
  integrity sha512-WDEYpO5gHGKuJbf0rwndGq7yUHJ4xboNj9l9mRGw5RsKFc3jfRozCsGAMu69zXxt4Ol8UkbqubKxu8ys0BLKtA==
  dependencies:
    "@types/domhandler" "2.4.1"
    domhandler "2.4.2"
    htmlparser2 "3.10.1"

html-react-parser@^0.14.0:
  version "0.14.3"
  resolved "https://registry.yarnpkg.com/html-react-parser/-/html-react-parser-0.14.3.tgz#bd126bba11dce88b97168b5c879e031b6c2209e5"
  integrity sha512-scZ1DHGbyRv0AjsavBndhTzAOQ5iWxzmD5z74cXU07mMcegt8MtlQoHx3SVGhVAkScqNgk1hgKoE80S3OFUt4A==
  dependencies:
    "@types/htmlparser2" "3.10.2"
    html-dom-parser "0.3.0"
    react-property "1.0.1"
    style-to-js "1.1.0"

htmlparser2@3.10.1:
  version "3.10.1"
  resolved "https://registry.yarnpkg.com/htmlparser2/-/htmlparser2-3.10.1.tgz#bd679dc3f59897b6a34bb10749c855bb53a9392f"
  integrity sha512-IgieNijUMbkDovyoKObU1DUhm1iwNYE/fuifEoEHfd1oZKZDaONBSkal7Y01shxsM49R4XaMdGez3WnF9UfiCQ==
  dependencies:
    domelementtype "^1.3.1"
    domhandler "^2.3.0"
    domutils "^1.5.1"
    entities "^1.1.1"
    inherits "^2.0.1"
    readable-stream "^3.1.1"

inherits@^2.0.1, inherits@^2.0.3:
  version "2.0.4"
  resolved "https://registry.yarnpkg.com/inherits/-/inherits-2.0.4.tgz#0fa2c64f932917c3433a0ded55363aae37416b7c"
  integrity sha512-k/vGaX4/Yla3WzyMCvTQOXYeIHvqOKtnqBduzTHpzpQZzAskKMhZ2K+EnBiSM9zGSoIFeMpXKxa4dYeZIQqewQ==

inline-style-parser@0.1.1:
  version "0.1.1"
  resolved "https://registry.yarnpkg.com/inline-style-parser/-/inline-style-parser-0.1.1.tgz#ec8a3b429274e9c0a1f1c4ffa9453a7fef72cea1"
  integrity sha512-7NXolsK4CAS5+xvdj5OMMbI962hU/wvwoxk+LWR9Ek9bVtyuuYScDN6eS0rUm6TxApFpw7CX1o4uJzcd4AyD3Q==

internmap@^1.0.0:
  version "1.0.1"
  resolved "https://registry.yarnpkg.com/internmap/-/internmap-1.0.1.tgz#0017cc8a3b99605f0302f2b198d272e015e5df95"
  integrity sha512-lDB5YccMydFBtasVtxnZ3MRBHuaoE8GKsppq+EchKL2U4nK/DmEpPHNH8MZe5HkMtpSiTSOZwfN0tzYjO/lJEw==

isexe@^2.0.0:
  version "2.0.0"
  resolved "https://registry.yarnpkg.com/isexe/-/isexe-2.0.0.tgz#e8fbf374dc556ff8947a10dcb0572d633f2cfa10"
  integrity sha1-6PvzdNxVb/iUehDcsFctYz8s+hA=

"js-tokens@^3.0.0 || ^4.0.0":
  version "4.0.0"
  resolved "https://registry.yarnpkg.com/js-tokens/-/js-tokens-4.0.0.tgz#19203fb59991df98e3a287050d4647cdeaf32499"
  integrity sha512-RdJUflcE3cUzKiMqQgsCu06FPu9UdIJO0beYbPhHN4k6apgJtifcoCtT9bcxOpYBtpD2kCM6Sbzg4CausW/PKQ==

lodash@^4.17.21:
  version "4.17.21"
  resolved "https://registry.yarnpkg.com/lodash/-/lodash-4.17.21.tgz#679591c564c3bffaae8454cf0b3df370c3d6911c"
  integrity sha512-v2kDEe57lecTulaDIuNTPy3Ry4gLGJ6Z1O3vE1krgXZNrsQ+LFTGHVxVjcXPs17LhbZVGedAJv8XZ1tvj5FvSg==

loose-envify@^1.4.0:
  version "1.4.0"
  resolved "https://registry.yarnpkg.com/loose-envify/-/loose-envify-1.4.0.tgz#71ee51fa7be4caec1a63839f7e682d8132d30caf"
  integrity sha512-lyuxPGr/Wfhrlem2CL/UcnUc1zcqKAImBDzukY7Y5F/yQiNdko6+fRLevlw1HgMySw7f611UIY408EtxRSoK3Q==
  dependencies:
    js-tokens "^3.0.0 || ^4.0.0"

object-assign@^4.1.1:
  version "4.1.1"
  resolved "https://registry.yarnpkg.com/object-assign/-/object-assign-4.1.1.tgz#2109adc7965887cfc05cbbd442cac8bfbb360863"
  integrity sha1-IQmtx5ZYh8/AXLvUQsrIv7s2CGM=

path-key@^3.1.0:
  version "3.1.1"
  resolved "https://registry.yarnpkg.com/path-key/-/path-key-3.1.1.tgz#581f6ade658cbba65a0d3380de7753295054f375"
  integrity sha512-ojmeN0qd+y0jszEtoY48r0Peq5dwMEkIlCOu6Q5f41lfkswXuKtYrhgoTpLnyIcHm24Uhqx+5Tqm2InSwLhE6Q==

prop-types@^15.5.10, prop-types@^15.6.2, prop-types@^15.7.2:
  version "15.7.2"
  resolved "https://registry.yarnpkg.com/prop-types/-/prop-types-15.7.2.tgz#52c41e75b8c87e72b9d9360e0206b99dcbffa6c5"
  integrity sha512-8QQikdH7//R2vurIJSutZ1smHYTcLpRWEOlHnzcWHmBYrOGUysKwSsrC89BCiFj3CbrfJ/nXFdJepOVrY1GCHQ==
  dependencies:
    loose-envify "^1.4.0"
    object-assign "^4.1.1"
    react-is "^16.8.1"

react-accessible-accordion@^3.3.4:
  version "3.3.5"
  resolved "https://registry.yarnpkg.com/react-accessible-accordion/-/react-accessible-accordion-3.3.5.tgz#5d035994a261c832a57e7822f1bbacf914c5a5cc"
  integrity sha512-yCh3tx+jNuOPs+m58LOBFTGDEaGvM8UfuCNznr855FDAWzwV8V/ZH/TVBvgqH0npP58KrrVrHpj4jcy0EE5hEw==

react-is@^16.8.1:
  version "16.13.1"
  resolved "https://registry.yarnpkg.com/react-is/-/react-is-16.13.1.tgz#789729a4dc36de2999dc156dd6c1d9c18cea56a4"
  integrity sha512-24e6ynE2H+OKt4kqsOvNd8kBpV65zoxbA4BVsEOB3ARVWQki/DHzaUoC5KuON/BiccDaCCTZBuOcfZs70kR8bQ==

react-property@1.0.1:
  version "1.0.1"
  resolved "https://registry.yarnpkg.com/react-property/-/react-property-1.0.1.tgz#4ae4211557d0a0ae050a71aa8ad288c074bea4e6"
  integrity sha512-1tKOwxFn3dXVomH6pM9IkLkq2Y8oh+fh/lYW3MJ/B03URswUTqttgckOlbxY2XHF3vPG6uanSc4dVsLW/wk3wQ==

react-tooltip@4.2.8:
  version "4.2.8"
  resolved "https://registry.yarnpkg.com/react-tooltip/-/react-tooltip-4.2.8.tgz#270858fee46fab73b66de316271aa94145f7446b"
  integrity sha512-pDWa0/khTAgIfldp95tHgyuYyBhWNlfaU2LF9ubAKxpoqNe15uyf+uLlnhK/Lstb6FU8E8/SL28Wp6oEO9xw3g==
  dependencies:
    prop-types "^15.7.2"
    uuid "^7.0.3"

readable-stream@^3.1.1:
  version "3.6.0"
  resolved "https://registry.yarnpkg.com/readable-stream/-/readable-stream-3.6.0.tgz#337bbda3adc0706bd3e024426a286d4b4b2c9198"
  integrity sha512-BViHy7LKeTz4oNnkcLJ+lVSL6vpiFeX6/d3oSH8zCW7UxP2onchk+vTGB143xuFjHS3deTgkKoXXymXqymiIdA==
  dependencies:
    inherits "^2.0.3"
    string_decoder "^1.1.1"
    util-deprecate "^1.0.1"

safe-buffer@~5.2.0:
  version "5.2.1"
  resolved "https://registry.yarnpkg.com/safe-buffer/-/safe-buffer-5.2.1.tgz#1eaf9fa9bdb1fdd4ec75f58f9cdb4e6b7827eec6"
  integrity sha512-rp3So07KcdmmKbGvgaNxQSJr7bGVSVk5S9Eq1F+ppbRo70+YeaDxkw5Dd8NPN+GD6bjnYm2VuPuCXmpuYvmCXQ==

shebang-command@^2.0.0:
  version "2.0.0"
  resolved "https://registry.yarnpkg.com/shebang-command/-/shebang-command-2.0.0.tgz#ccd0af4f8835fbdc265b82461aaf0c36663f34ea"
  integrity sha512-kHxr2zZpYtdmrN1qDjrrX/Z1rR1kG8Dx+gkpK1G4eXmvXswmcE1hTWBWYUzlraYw1/yZp6YuDY77YtvbN0dmDA==
  dependencies:
    shebang-regex "^3.0.0"

shebang-regex@^3.0.0:
  version "3.0.0"
  resolved "https://registry.yarnpkg.com/shebang-regex/-/shebang-regex-3.0.0.tgz#ae16f1644d873ecad843b0307b143362d4c42172"
  integrity sha512-7++dFhtcx3353uBaq8DDR4NuxBetBzC7ZQOhmTQInHEd6bSrXdiEyzCvG07Z44UYdLShWUyXt5M/yhz8ekcb1A==

string_decoder@^1.1.1:
  version "1.3.0"
  resolved "https://registry.yarnpkg.com/string_decoder/-/string_decoder-1.3.0.tgz#42f114594a46cf1a8e30b0a84f56c78c3edac21e"
  integrity sha512-hkRX8U1WjJFd8LsDJ2yQ/wWWxaopEsABU1XfkM8A+j0+85JAGppt16cr1Whg6KIbb4okU6Mql6BOj+uup/wKeA==
  dependencies:
    safe-buffer "~5.2.0"

style-to-js@1.1.0:
  version "1.1.0"
  resolved "https://registry.yarnpkg.com/style-to-js/-/style-to-js-1.1.0.tgz#631cbb20fce204019b3aa1fcb5b69d951ceac4ac"
  integrity sha512-1OqefPDxGrlMwcbfpsTVRyzwdhr4W0uxYQzeA2F1CBc8WG04udg2+ybRnvh3XYL4TdHQrCahLtax2jc8xaE6rA==
  dependencies:
    style-to-object "0.3.0"

style-to-object@0.3.0:
  version "0.3.0"
  resolved "https://registry.yarnpkg.com/style-to-object/-/style-to-object-0.3.0.tgz#b1b790d205991cc783801967214979ee19a76e46"
  integrity sha512-CzFnRRXhzWIdItT3OmF8SQfWyahHhjq3HwcMNCNLn+N7klOOqPjMeG/4JSu77D7ypZdGvSzvkrbyeTMizz2VrA==
  dependencies:
    inline-style-parser "0.1.1"

use-debounce@^6.0.1:
  version "6.0.1"
  resolved "https://registry.yarnpkg.com/use-debounce/-/use-debounce-6.0.1.tgz#ed1eb2b30189408fb9792ea2887f4c6c3cb401a3"
  integrity sha512-kpvIxpa0vOLz/2I2sfNJ72mUeaT2CMNCu5BT1f2HkV9qZK27UVSOFf1sSSu+wjJE4TcR2VTXS2SM569+m3TN7Q==

util-deprecate@^1.0.1:
  version "1.0.2"
  resolved "https://registry.yarnpkg.com/util-deprecate/-/util-deprecate-1.0.2.tgz#450d4dc9fa70de732762fbd2d4a28981419a0ccf"
  integrity sha1-RQ1Nyfpw3nMnYvvS1KKJgUGaDM8=

uuid@^7.0.3:
  version "7.0.3"
  resolved "https://registry.yarnpkg.com/uuid/-/uuid-7.0.3.tgz#c5c9f2c8cf25dc0a372c4df1441c41f5bd0c680b"
  integrity sha512-DPSke0pXhTZgoF/d+WSt2QaKMCFSfx7QegxEWT+JOuHF5aWrKEn0G+ztjuJg/gG8/ItK+rbPCD/yNv8yyih6Cg==

whatwg-fetch@^3.6.2:
  version "3.6.2"
  resolved "https://registry.yarnpkg.com/whatwg-fetch/-/whatwg-fetch-3.6.2.tgz#dced24f37f2624ed0281725d51d0e2e3fe677f8c"
  integrity sha512-bJlen0FcuU/0EMLrdbJ7zOnW6ITZLrZMIarMUVmdKtsGvZna8vxKYaexICWPfZ8qwf9fzNq+UEIZrnSaApt6RA==

which@^2.0.1:
  version "2.0.2"
  resolved "https://registry.yarnpkg.com/which/-/which-2.0.2.tgz#7c6a8dd0a636a0327e10b59c9286eee93f3f51b1"
  integrity sha512-BLI3Tl1TW3Pvl70l3yq3Y64i+awpwXqsGBYWkkqMtnbXgrMD+yj7rhW0kuEDxzJaYXGjEW5ogapKNMEKNMjibA==
  dependencies:
    isexe "^2.0.0"
