# THIS IS AN AUTOGENERATED FILE. DO NOT EDIT THIS FILE DIRECTLY.
# yarn lockfile v1


dom-serializer@^2.0.0:
  version "2.0.0"
  resolved "https://registry.yarnpkg.com/dom-serializer/-/dom-serializer-2.0.0.tgz#e41b802e1eedf9f6cae183ce5e622d789d7d8e53"
  integrity sha512-wIkAryiqt/nV5EQKqQpo3SToSOV9J0DnbJqwK7Wv/Trc92zIAYZ4FlMu+JPFW1DfGFt81ZTCGgDEabffXeLyJg==
  dependencies:
    domelementtype "^2.3.0"
    domhandler "^5.0.2"
    entities "^4.2.0"

domelementtype@^2.3.0:
  version "2.3.0"
  resolved "https://registry.yarnpkg.com/domelementtype/-/domelementtype-2.3.0.tgz#5c45e8e869952626331d7aab326d01daf65d589d"
  integrity sha512-OLETBj6w0OsagBwdXnPdN0cnMfF9opN69co+7ZrbfPGrdpPVNBUj02spi6B1N7wChLQiPn4CSH/zJvXw56gmHw==

domhandler@5.0.3, domhandler@^5.0.1, domhandler@^5.0.2:
  version "5.0.3"
  resolved "https://registry.yarnpkg.com/domhandler/-/domhandler-5.0.3.tgz#cc385f7f751f1d1fc650c21374804254538c7d31"
  integrity sha512-cgwlv/1iFQiFnU96XXgROh8xTeetsnJiDsTc7TYCLFd9+/WNkIqPTxiM/8pSd8VIrhXGTf1Ny1q1hquVqDJB5w==
  dependencies:
    domelementtype "^2.3.0"

domutils@^3.0.1:
  version "3.0.1"
  resolved "https://registry.yarnpkg.com/domutils/-/domutils-3.0.1.tgz#696b3875238338cb186b6c0612bd4901c89a4f1c"
  integrity sha512-z08c1l761iKhDFtfXO04C7kTdPBLi41zwOZl00WS8b5eiaebNpY00HKbztwBq+e3vyqWNwWF3mP9YLUeqIrF+Q==
  dependencies:
    dom-serializer "^2.0.0"
    domelementtype "^2.3.0"
    domhandler "^5.0.1"

entities@^4.2.0, entities@^4.3.0:
  version "4.4.0"
  resolved "https://registry.yarnpkg.com/entities/-/entities-4.4.0.tgz#97bdaba170339446495e653cfd2db78962900174"
  integrity sha512-oYp7156SP8LkeGD0GF85ad1X9Ai79WtRsZ2gxJqtBuzH+98YUV6jkHEKlZkMbcrjJjIVJNIDP/3WL9wQkoPbWA==

html-dom-parser@3.1.3:
  version "3.1.3"
  resolved "https://registry.yarnpkg.com/html-dom-parser/-/html-dom-parser-3.1.3.tgz#ba87ca379f2817ca733523cac55c90de6bac43dd"
  integrity sha512-fI0yyNlIeSboxU+jnrA4v8qj4+M8SI9/q6AKYdwCY2qki22UtKCDTxvagHniECu7sa5/o2zFRdLleA67035lsA==
  dependencies:
    domhandler "5.0.3"
    htmlparser2 "8.0.1"

html-react-parser@^3.0.8:
  version "3.0.8"
  resolved "https://registry.yarnpkg.com/html-react-parser/-/html-react-parser-3.0.8.tgz#d0bb3cea8c1db7a687b51138dfd54f31a0c8e1aa"
  integrity sha512-eIxPq/3Ja3+nZkx6X/BNpFy0lNuW+v3V4nzABzuL8KkRVdYY/2KyXO42epKonsEVVRSBxm2zsxWcOkT6fYL+iQ==
  dependencies:
    domhandler "5.0.3"
    html-dom-parser "3.1.3"
    react-property "2.0.0"
    style-to-js "1.1.3"

htmlparser2@8.0.1:
  version "8.0.1"
  resolved "https://registry.yarnpkg.com/htmlparser2/-/htmlparser2-8.0.1.tgz#abaa985474fcefe269bc761a779b544d7196d010"
  integrity sha512-4lVbmc1diZC7GUJQtRQ5yBAeUCL1exyMwmForWkRLnwyzWBFxN633SALPMGYaWZvKe9j1pRZJpauvmxENSp/EA==
  dependencies:
    domelementtype "^2.3.0"
    domhandler "^5.0.2"
    domutils "^3.0.1"
    entities "^4.3.0"

inline-style-parser@0.1.1:
  version "0.1.1"
  resolved "https://registry.yarnpkg.com/inline-style-parser/-/inline-style-parser-0.1.1.tgz#ec8a3b429274e9c0a1f1c4ffa9453a7fef72cea1"
  integrity sha512-7NXolsK4CAS5+xvdj5OMMbI962hU/wvwoxk+LWR9Ek9bVtyuuYScDN6eS0rUm6TxApFpw7CX1o4uJzcd4AyD3Q==

papaparse@^5.3.2:
  version "5.3.2"
  resolved "https://registry.yarnpkg.com/papaparse/-/papaparse-5.3.2.tgz#d1abed498a0ee299f103130a6109720404fbd467"
  integrity sha512-6dNZu0Ki+gyV0eBsFKJhYr+MdQYAzFUGlBMNj3GNrmHxmz1lfRa24CjFObPXtjcetlOv5Ad299MhIK0znp3afw==

react-property@2.0.0:
  version "2.0.0"
  resolved "https://registry.yarnpkg.com/react-property/-/react-property-2.0.0.tgz#2156ba9d85fa4741faf1918b38efc1eae3c6a136"
  integrity sha512-kzmNjIgU32mO4mmH5+iUyrqlpFQhF8K2k7eZ4fdLSOPFrD1XgEuSBv9LDEgxRXTMBqMd8ppT0x6TIzqE5pdGdw==

style-to-js@1.1.3:
  version "1.1.3"
  resolved "https://registry.yarnpkg.com/style-to-js/-/style-to-js-1.1.3.tgz#2012d75dc89bf400edc29c545ed61c8626b00184"
  integrity sha512-zKI5gN/zb7LS/Vm0eUwjmjrXWw8IMtyA8aPBJZdYiQTXj4+wQ3IucOLIOnF7zCHxvW8UhIGh/uZh/t9zEHXNTQ==
  dependencies:
    style-to-object "0.4.1"

style-to-object@0.4.1:
  version "0.4.1"
  resolved "https://registry.yarnpkg.com/style-to-object/-/style-to-object-0.4.1.tgz#53cf856f7cf7f172d72939d9679556469ba5de37"
  integrity sha512-HFpbb5gr2ypci7Qw+IOhnP2zOU7e77b+rzM+wTzXzfi1PrtBCX0E7Pk4wL4iTLnhzZ+JgEGAhX81ebTg/aYjQw==
  dependencies:
    inline-style-parser "0.1.1"

use-debounce@^8.0.1:
  version "8.0.4"
  resolved "https://registry.yarnpkg.com/use-debounce/-/use-debounce-8.0.4.tgz#27e93b2f010bd0b8ad06e9fc7de891d9ee5d6b8e"
  integrity sha512-fGqsYQzl8kLHF2QpQSgIwgOgJmnh6j5L6SIzQiHdLfwp3q1egUL3btq5Bg2SJysH6A0ILLgT2IqXZKoNJr0nFw==
