# THIS IS AN AUTOGENERATED FILE. DO NOT EDIT THIS FILE DIRECTLY.
# yarn lockfile v1


"@babel/runtime@^7.3.1":
  version "7.15.4"
  resolved "https://registry.yarnpkg.com/@babel/runtime/-/runtime-7.15.4.tgz#fd17d16bfdf878e6dd02d19753a39fa8a8d9c84a"
  integrity sha512-99catp6bHCaxr4sJ/DbTGgHS4+Rs2RVd2g7iOap6SLGPDknRK9ztKNsE/Fg6QhSeh1FGE5f6gHGQmvvn3I3xhw==
  dependencies:
    regenerator-runtime "^0.13.4"

"@types/d3-color@^1":
  version "1.4.2"
  resolved "https://registry.yarnpkg.com/@types/d3-color/-/d3-color-1.4.2.tgz#944f281d04a0f06e134ea96adbb68303515b2784"
  integrity sha512-fYtiVLBYy7VQX+Kx7wU/uOIkGQn8aAEY8oWMoyja3N4dLd8Yf6XgSIR/4yWvMuveNOH5VShnqCgRqqh/UNanBA==

"@types/d3-interpolate@^1.3.1":
  version "1.4.2"
  resolved "https://registry.yarnpkg.com/@types/d3-interpolate/-/d3-interpolate-1.4.2.tgz#88902a205f682773a517612299a44699285eed7b"
  integrity sha512-ylycts6llFf8yAEs1tXzx2loxxzDZHseuhPokrqKprTQSTcD3JbJI1omZP1rphsELZO3Q+of3ff0ZS7+O6yVzg==
  dependencies:
    "@types/d3-color" "^1"

"@types/d3-path@^1", "@types/d3-path@^1.0.8":
  version "1.0.9"
  resolved "https://registry.yarnpkg.com/@types/d3-path/-/d3-path-1.0.9.tgz#73526b150d14cd96e701597cbf346cfd1fd4a58c"
  integrity sha512-NaIeSIBiFgSC6IGUBjZWcscUJEq7vpVu7KthHN8eieTV9d9MqkSOZLH4chq1PmcKy06PNe3axLeKmRIyxJ+PZQ==

"@types/d3-random@^2.2.0":
  version "2.2.1"
  resolved "https://registry.yarnpkg.com/@types/d3-random/-/d3-random-2.2.1.tgz#551edbb71cb317dea2cf9c76ebe059d311eefacb"
  integrity sha512-5vvxn6//poNeOxt1ZwC7QU//dG9QqABjy1T7fP/xmFHY95GnaOw3yABf29hiu5SR1Oo34XcpyHFbzod+vemQjA==

"@types/d3-scale@^3.3.0":
  version "3.3.2"
  resolved "https://registry.yarnpkg.com/@types/d3-scale/-/d3-scale-3.3.2.tgz#18c94e90f4f1c6b1ee14a70f14bfca2bd1c61d06"
  integrity sha512-gGqr7x1ost9px3FvIfUMi5XA/F/yAf4UkUDtdQhpH92XCT0Oa7zkkRzY61gPVJq+DxpHn/btouw5ohWkbBsCzQ==
  dependencies:
    "@types/d3-time" "^2"

"@types/d3-shape@^1.3.1":
  version "1.3.8"
  resolved "https://registry.yarnpkg.com/@types/d3-shape/-/d3-shape-1.3.8.tgz#c3c15ec7436b4ce24e38de517586850f1fea8e89"
  integrity sha512-gqfnMz6Fd5H6GOLYixOZP/xlrMtJms9BaS+6oWxTKHNqPGZ93BkWWupQSCYm6YHqx6h9wjRupuJb90bun6ZaYg==
  dependencies:
    "@types/d3-path" "^1"

"@types/d3-time@^2", "@types/d3-time@^2.0.0":
  version "2.1.1"
  resolved "https://registry.yarnpkg.com/@types/d3-time/-/d3-time-2.1.1.tgz#743fdc821c81f86537cbfece07093ac39b4bc342"
  integrity sha512-9MVYlmIgmRR31C5b4FVSWtuMmBHh2mOWQYfl7XAYOa8dsnb7iEmUmRSWSFgXFtkjxO65d7hTUHQC+RhR/9IWFg==

"@types/lodash@^4.14.146", "@types/lodash@^4.14.160":
  version "4.14.172"
  resolved "https://registry.yarnpkg.com/@types/lodash/-/lodash-4.14.172.tgz#aad774c28e7bfd7a67de25408e03ee5a8c3d028a"
  integrity sha512-/BHF5HAx3em7/KkzVKm3LrsD6HZAXuXO1AJZQ3cRRBZj4oHZDviWPYu0aEplAqDFNHZPW6d3G7KN+ONcCCC7pw==

"@types/prop-types@*":
  version "15.7.4"
  resolved "https://registry.yarnpkg.com/@types/prop-types/-/prop-types-15.7.4.tgz#fcf7205c25dff795ee79af1e30da2c9790808f11"
  integrity sha512-rZ5drC/jWjrArrS8BR6SIr4cWpW09RNTYt9AMZo3Jwwif+iacXAqgVjm0B0Bv/S1jhDXKHqRVNCbACkJ89RAnQ==

"@types/react-dom@*":
  version "17.0.9"
  resolved "https://registry.yarnpkg.com/@types/react-dom/-/react-dom-17.0.9.tgz#441a981da9d7be117042e1a6fd3dac4b30f55add"
  integrity sha512-wIvGxLfgpVDSAMH5utdL9Ngm5Owu0VsGmldro3ORLXV8CShrL8awVj06NuEXFQ5xyaYfdca7Sgbk/50Ri1GdPg==
  dependencies:
    "@types/react" "*"

"@types/react@*":
  version "17.0.20"
  resolved "https://registry.yarnpkg.com/@types/react/-/react-17.0.20.tgz#a4284b184d47975c71658cd69e759b6bd37c3b8c"
  integrity sha512-wWZrPlihslrPpcKyCSlmIlruakxr57/buQN1RjlIeaaTWDLtJkTtRW429MoQJergvVKc4IWBpRhWw7YNh/7GVA==
  dependencies:
    "@types/prop-types" "*"
    "@types/scheduler" "*"
    csstype "^3.0.2"

"@types/scheduler@*":
  version "0.16.2"
  resolved "https://registry.yarnpkg.com/@types/scheduler/-/scheduler-0.16.2.tgz#1a62f89525723dde24ba1b01b092bf5df8ad4d39"
  integrity sha512-hppQEBDmlwhFAXKJX2KnWLYu5yMfi91yazPb2l+lbJiwW+wdo1gNeRA+3RgNSO39WYX2euey41KEwnqesU2Jew==

"@visx/axis@^1.0.0":
  version "1.17.1"
  resolved "https://registry.yarnpkg.com/@visx/axis/-/axis-1.17.1.tgz#3241ea00c8d9ca522238282617c9ecbd7b9c8eee"
  integrity sha512-3JdAY8xwA4xVnzkbXdIzCOWYCknCgw3L185lOJTXWNGO7kIgzbQ2YrLXnet37BFgD83MfxmlP6LhiHLkKVI6OQ==
  dependencies:
    "@types/react" "*"
    "@visx/group" "1.17.1"
    "@visx/point" "1.7.0"
    "@visx/scale" "1.14.0"
    "@visx/shape" "1.17.1"
    "@visx/text" "1.17.1"
    classnames "^2.3.1"
    prop-types "^15.6.0"

"@visx/bounds@1.7.0":
  version "1.7.0"
  resolved "https://registry.yarnpkg.com/@visx/bounds/-/bounds-1.7.0.tgz#cc32aaa5aa8711771b93ec4149ff087225dc0684"
  integrity sha512-ajF6PTgDoZTfwv5J0ZTx1miXY8lk3sGhMVqE3UsMubdTZBlOgeZMT4OmtTPtbCJTBTgw0FD0gd7X3gZ+3X9HgQ==
  dependencies:
    "@types/react" "*"
    "@types/react-dom" "*"
    prop-types "^15.5.10"

"@visx/curve@1.7.0", "@visx/curve@^1.0.0":
  version "1.7.0"
  resolved "https://registry.yarnpkg.com/@visx/curve/-/curve-1.7.0.tgz#b8c8ae902de469ae43014c78ed9bfda8aed8137c"
  integrity sha512-n0/SHM4YXjke+aEinhHFZPLMxWu3jbqtvqzfGJyibX8OmbDjavk9P+MHfGokUcw0xHy6Ch3YTuwbYuvVw5ny9A==
  dependencies:
    "@types/d3-shape" "^1.3.1"
    d3-shape "^1.0.6"

"@visx/gradient@^1.0.0":
  version "1.7.0"
  resolved "https://registry.yarnpkg.com/@visx/gradient/-/gradient-1.7.0.tgz#0578d27ef01204f36ce73db208141976d218adc4"
  integrity sha512-KtlzpgY+1tEIxEhFwyGp7nVwDjaPs9bcLO5Wkm3uw5ehQtRMYQBC3O2N+GEKdQM2yNZVApvtSMiXQDxGTFK67g==
  dependencies:
    "@types/react" "*"
    prop-types "^15.5.7"

"@visx/group@1.17.1", "@visx/group@^1.0.0":
  version "1.17.1"
  resolved "https://registry.yarnpkg.com/@visx/group/-/group-1.17.1.tgz#23818d3233511dc2360de4febc2a3ecd43c3c9d0"
  integrity sha512-g8pSqy8TXAisiOzypnVycDynEGlBhfxtVlwDmsbYB+XSFGEjnOheQSDohDI+ia7ek54Mw9uYe05tx5kP1hRMYw==
  dependencies:
    "@types/react" "*"
    classnames "^2.3.1"
    prop-types "^15.6.2"

"@visx/legend@^1.1.0":
  version "1.17.1"
  resolved "https://registry.yarnpkg.com/@visx/legend/-/legend-1.17.1.tgz#3908321da90f3a30d3608cc572a6c13b34a3298b"
  integrity sha512-vdB3EPHXYwTyS4g2MB/sVAvq6ddeyzjlTjsM6YNc6Nagwb4uTOuMeKT+t0jgLJejNMOcY7Q8eBjDDWAdiPNV1A==
  dependencies:
    "@types/react" "*"
    "@visx/group" "1.17.1"
    "@visx/scale" "1.14.0"
    classnames "^2.3.1"
    prop-types "^15.5.10"

"@visx/marker@^1.1.0":
  version "1.17.1"
  resolved "https://registry.yarnpkg.com/@visx/marker/-/marker-1.17.1.tgz#5112d94b17f742bed0ddff70b45cec137c926906"
  integrity sha512-7EimyHTaKHCHmaVBbGOl+KAp22M1rooR4N9wCGd9lJX85/KD+kPpx9bsN6Qeru1fQcZcER+7Qp7ra7zhxH1Qng==
  dependencies:
    "@types/react" "*"
    "@visx/group" "1.17.1"
    "@visx/shape" "1.17.1"
    classnames "^2.3.1"
    prop-types "^15.6.2"

"@visx/mock-data@^1.0.0":
  version "1.7.0"
  resolved "https://registry.yarnpkg.com/@visx/mock-data/-/mock-data-1.7.0.tgz#b56e30604ab0e775ada741cb96e6c9c1eaaac56d"
  integrity sha512-v7DGro/4q382ReSWmPCKdRR1AtNUp9ERM129omMaTcf52i8RbSYNfMdxucMaEBIbATI905vYqQKA8S6xopPupQ==
  dependencies:
    "@types/d3-random" "^2.2.0"
    d3-random "^2.2.2"

"@visx/point@1.7.0":
  version "1.7.0"
  resolved "https://registry.yarnpkg.com/@visx/point/-/point-1.7.0.tgz#1df3c3425eae464f498473bcdda2fcae05c8ecbe"
  integrity sha512-oaoY/HXYHhmpkkeKI4rBPmFtjHWtxSrIhZCVm1ipPoyQp3voJ8L6JD5eUIVmmaUCdUGUGwL1lFLnJiQ2p1Vlwg==

"@visx/scale@1.14.0", "@visx/scale@^1.0.0":
  version "1.14.0"
  resolved "https://registry.yarnpkg.com/@visx/scale/-/scale-1.14.0.tgz#622d274ec4f5e608de29d06cd6071892bb1e7587"
  integrity sha512-ovbtEOF/d76uGMJ5UZlxdS3t2T8I6md+aIwOXBaq0HdjaCLbe7HLlMyHJKjak/sqBxLAiCGVnechTUpSkfgSQw==
  dependencies:
    "@types/d3-interpolate" "^1.3.1"
    "@types/d3-scale" "^3.3.0"
    "@types/d3-time" "^2.0.0"
    d3-interpolate "^1.4.0"
    d3-scale "^3.3.0"
    d3-time "^2.1.1"

"@visx/shape@1.17.1", "@visx/shape@^1.0.0":
  version "1.17.1"
  resolved "https://registry.yarnpkg.com/@visx/shape/-/shape-1.17.1.tgz#c5d83b955d2e94f39002ff986550944e24ff660a"
  integrity sha512-rVYFpytPCnV4s5U0za+jQ2jqFzKnmB3c8RP6fuOfF6kKosFPJcOYg9ikvewojARyMBTr1u3XvWV960Da+xyUdQ==
  dependencies:
    "@types/d3-path" "^1.0.8"
    "@types/d3-shape" "^1.3.1"
    "@types/lodash" "^4.14.146"
    "@types/react" "*"
    "@visx/curve" "1.7.0"
    "@visx/group" "1.17.1"
    "@visx/scale" "1.14.0"
    classnames "^2.3.1"
    d3-path "^1.0.5"
    d3-shape "^1.2.0"
    lodash "^4.17.15"
    prop-types "^15.5.10"

"@visx/text@1.17.1":
  version "1.17.1"
  resolved "https://registry.yarnpkg.com/@visx/text/-/text-1.17.1.tgz#e9ba06ab58bf4c347c9f25ecb29f78f296132045"
  integrity sha512-Cx6iH0kVq3YqCfFj7U6bMiKwa/bz4Z3q0vPdxmnVGcPjGZM1ac/y61KFH263e164LJ5jFaTYpPrrFmbZoy8+Vg==
  dependencies:
    "@types/lodash" "^4.14.160"
    "@types/react" "*"
    classnames "^2.3.1"
    lodash "^4.17.20"
    prop-types "^15.7.2"
    reduce-css-calc "^1.3.0"

"@visx/tooltip@^1.1.0":
  version "1.17.1"
  resolved "https://registry.yarnpkg.com/@visx/tooltip/-/tooltip-1.17.1.tgz#6023f675384d9fe70e7c13b0959b00b9c38e9a48"
  integrity sha512-YfRgVtKSLTn3iW8CT5+CfTWhSXGeAp01SaPDThtdaUTx89rKv5wb4oyVgeQ5g2ScRYVC8mYj5RzY/pj3RrezFQ==
  dependencies:
    "@types/react" "*"
    "@visx/bounds" "1.7.0"
    classnames "^2.3.1"
    prop-types "^15.5.10"
    react-use-measure "^2.0.4"

balanced-match@^0.4.2:
  version "0.4.2"
  resolved "https://registry.yarnpkg.com/balanced-match/-/balanced-match-0.4.2.tgz#cb3f3e3c732dc0f01ee70b403f302e61d7709838"
  integrity sha1-yz8+PHMtwPAe5wtAPzAuYddwmDg=

balanced-match@^1.0.0:
  version "1.0.2"
  resolved "https://registry.yarnpkg.com/balanced-match/-/balanced-match-1.0.2.tgz#e83e3a7e3f300b34cb9d87f615fa0cbf357690ee"
  integrity sha512-3oSeUO0TMV67hN1AmbXsK4yaqU7tjiHlbxRDZOpH0KW9+CeX4bRAaX0Anxt0tx2MrpRpWwQaPwIlISEJhYU5Pw==

chroma-js@^2.1.2:
  version "2.1.2"
  resolved "https://registry.yarnpkg.com/chroma-js/-/chroma-js-2.1.2.tgz#1075cb9ae25bcb2017c109394168b5cf3aa500ec"
  integrity sha512-ri/ouYDWuxfus3UcaMxC1Tfp3IE9K5iQzxc2hSxbBRVNQFut1UuGAsZmiAf2mOUubzGJwgMSv9lHg+XqLaz1QQ==
  dependencies:
    cross-env "^6.0.3"

classnames@^2.3.1:
  version "2.3.1"
  resolved "https://registry.yarnpkg.com/classnames/-/classnames-2.3.1.tgz#dfcfa3891e306ec1dad105d0e88f4417b8535e8e"
  integrity sha512-OlQdbZ7gLfGarSqxesMesDa5uz7KFbID8Kpq/SxIoNGDqY8lSYs0D+hhtBXhcdB3rcbXArFr7vlHheLk1voeNA==

cross-env@^6.0.3:
  version "6.0.3"
  resolved "https://registry.yarnpkg.com/cross-env/-/cross-env-6.0.3.tgz#4256b71e49b3a40637a0ce70768a6ef5c72ae941"
  integrity sha512-+KqxF6LCvfhWvADcDPqo64yVIB31gv/jQulX2NGzKS/g3GEVz6/pt4wjHFtFWsHMddebWD/sDthJemzM4MaAag==
  dependencies:
    cross-spawn "^7.0.0"

cross-spawn@^7.0.0:
  version "7.0.3"
  resolved "https://registry.yarnpkg.com/cross-spawn/-/cross-spawn-7.0.3.tgz#f73a85b9d5d41d045551c177e2882d4ac85728a6"
  integrity sha512-iRDPJKUPVEND7dHPO8rkbOnPpyDygcDFtWjpeWNCgy8WP2rXcxXL8TskReQl6OrB2G7+UJrags1q15Fudc7G6w==
  dependencies:
    path-key "^3.1.0"
    shebang-command "^2.0.0"
    which "^2.0.1"

csstype@^3.0.2:
  version "3.0.9"
  resolved "https://registry.yarnpkg.com/csstype/-/csstype-3.0.9.tgz#6410af31b26bd0520933d02cbc64fce9ce3fbf0b"
  integrity sha512-rpw6JPxK6Rfg1zLOYCSwle2GFOOsnjmDYDaBwEcwoOg4qlsIVCN789VkBZDJAGi4T07gI4YSutR43t9Zz4Lzuw==

d3-array@2, d3-array@^2.3.0, d3-array@^2.8.0:
  version "2.12.1"
  resolved "https://registry.yarnpkg.com/d3-array/-/d3-array-2.12.1.tgz#e20b41aafcdffdf5d50928004ececf815a465e81"
  integrity sha512-B0ErZK/66mHtEsR1TkPEEkwdy+WDesimkM5gpZr5Dsg54BiTA5RXtYW5qTLIAcekaS9xfZrzBLF/OAkB3Qn1YQ==
  dependencies:
    internmap "^1.0.0"

d3-color@1:
  version "1.4.1"
  resolved "https://registry.yarnpkg.com/d3-color/-/d3-color-1.4.1.tgz#c52002bf8846ada4424d55d97982fef26eb3bc8a"
  integrity sha512-p2sTHSLCJI2QKunbGb7ocOh7DgTAn8IrLx21QRc/BSnodXM4sv6aLQlnfpvehFMLZEfBc6g9pH9SWQccFYfJ9Q==

"d3-color@1 - 2":
  version "2.0.0"
  resolved "https://registry.yarnpkg.com/d3-color/-/d3-color-2.0.0.tgz#8d625cab42ed9b8f601a1760a389f7ea9189d62e"
  integrity sha512-SPXi0TSKPD4g9tw0NMZFnR95XVgUZiBH+uUTqQuDu1OsE2zomHU7ho0FISciaPvosimixwHFl3WHLGabv6dDgQ==

"d3-format@1 - 2":
  version "2.0.0"
  resolved "https://registry.yarnpkg.com/d3-format/-/d3-format-2.0.0.tgz#a10bcc0f986c372b729ba447382413aabf5b0767"
  integrity sha512-Ab3S6XuE/Q+flY96HXT0jOXcM4EAClYFnRGY5zsjRGNy6qCYrQsMffs7cV5Q9xejb35zxW5hf/guKw34kvIKsA==

"d3-interpolate@1.2.0 - 2":
  version "2.0.1"
  resolved "https://registry.yarnpkg.com/d3-interpolate/-/d3-interpolate-2.0.1.tgz#98be499cfb8a3b94d4ff616900501a64abc91163"
  integrity sha512-c5UhwwTs/yybcmTpAVqwSFl6vrQ8JZJoT5F7xNFK9pymv5C0Ymcc9/LIJHtYIggg/yS9YHw8i8O8tgb9pupjeQ==
  dependencies:
    d3-color "1 - 2"

d3-interpolate@^1.4.0:
  version "1.4.0"
  resolved "https://registry.yarnpkg.com/d3-interpolate/-/d3-interpolate-1.4.0.tgz#526e79e2d80daa383f9e0c1c1c7dcc0f0583e987"
  integrity sha512-V9znK0zc3jOPV4VD2zZn0sDhZU3WAE2bmlxdIwwQPPzPjvyLkd8B3JUVdS1IDUFDkWZ72c9qnv1GK2ZagTZ8EA==
  dependencies:
    d3-color "1"

d3-path@1, d3-path@^1.0.5:
  version "1.0.9"
  resolved "https://registry.yarnpkg.com/d3-path/-/d3-path-1.0.9.tgz#48c050bb1fe8c262493a8caf5524e3e9591701cf"
  integrity sha512-VLaYcn81dtHVTjEHd8B+pbe9yHWpXKZUC87PzoFmsFrJqgFwDe/qxfp5MlfsfM1V5E/iVt0MmEbWQ7FVIXh/bg==

d3-random@^2.2.2:
  version "2.2.2"
  resolved "https://registry.yarnpkg.com/d3-random/-/d3-random-2.2.2.tgz#5eebd209ef4e45a2b362b019c1fb21c2c98cbb6e"
  integrity sha512-0D9P8TRj6qDAtHhRQn6EfdOtHMfsUWanl3yb/84C4DqpZ+VsgfI5iTVRNRbELCfNvRfpMr8OrqqUTQ6ANGCijw==

d3-scale@^3.3.0:
  version "3.3.0"
  resolved "https://registry.yarnpkg.com/d3-scale/-/d3-scale-3.3.0.tgz#28c600b29f47e5b9cd2df9749c206727966203f3"
  integrity sha512-1JGp44NQCt5d1g+Yy+GeOnZP7xHo0ii8zsQp6PGzd+C1/dl0KGsp9A7Mxwp+1D1o4unbTTxVdU/ZOIEBoeZPbQ==
  dependencies:
    d3-array "^2.3.0"
    d3-format "1 - 2"
    d3-interpolate "1.2.0 - 2"
    d3-time "^2.1.1"
    d3-time-format "2 - 3"

d3-shape@^1.0.6, d3-shape@^1.2.0:
  version "1.3.7"
  resolved "https://registry.yarnpkg.com/d3-shape/-/d3-shape-1.3.7.tgz#df63801be07bc986bc54f63789b4fe502992b5d7"
  integrity sha512-EUkvKjqPFUAZyOlhY5gzCxCeI0Aep04LwIRpsZ/mLFelJiUfnK56jo5JMDSE7yyP2kLSb6LtF+S5chMk7uqPqw==
  dependencies:
    d3-path "1"

"d3-time-format@2 - 3", d3-time-format@^3.0.0:
  version "3.0.0"
  resolved "https://registry.yarnpkg.com/d3-time-format/-/d3-time-format-3.0.0.tgz#df8056c83659e01f20ac5da5fdeae7c08d5f1bb6"
  integrity sha512-UXJh6EKsHBTjopVqZBhFysQcoXSv/5yLONZvkQ5Kk3qbwiUYkdX17Xa1PT6U1ZWXGGfB1ey5L8dKMlFq2DO0Ag==
  dependencies:
    d3-time "1 - 2"

"d3-time@1 - 2", d3-time@^2.1.1:
  version "2.1.1"
  resolved "https://registry.yarnpkg.com/d3-time/-/d3-time-2.1.1.tgz#e9d8a8a88691f4548e68ca085e5ff956724a6682"
  integrity sha512-/eIQe/eR4kCQwq7yxi7z4c6qEXf2IYGcjoWB5OOQy4Tq9Uv39/947qlDcN2TLkiTzQWzvnsuYPB9TrWaNfipKQ==
  dependencies:
    d3-array "2"

debounce@^1.2.0:
  version "1.2.1"
  resolved "https://registry.yarnpkg.com/debounce/-/debounce-1.2.1.tgz#38881d8f4166a5c5848020c11827b834bcb3e0a5"
  integrity sha512-XRRe6Glud4rd/ZGQfiV1ruXSfbvfJedlV9Y6zOlP+2K04vBYiJEte6stfFkCP03aMnY5tsipamumUjL14fofug==

dom-serializer@^1.0.1:
  version "1.4.1"
  resolved "https://registry.yarnpkg.com/dom-serializer/-/dom-serializer-1.4.1.tgz#de5d41b1aea290215dc45a6dae8adcf1d32e2d30"
  integrity sha512-VHwB3KfrcOOkelEG2ZOfxqLZdfkil8PtJi4P8N2MMXucZq2yLp75ClViUlOVwyoHEDjYU433Aq+5zWP61+RGag==
  dependencies:
    domelementtype "^2.0.1"
    domhandler "^4.2.0"
    entities "^2.0.0"

domelementtype@^2.0.1:
  version "2.2.0"
  resolved "https://registry.yarnpkg.com/domelementtype/-/domelementtype-2.2.0.tgz#9a0b6c2782ed6a1c7323d42267183df9bd8b1d57"
  integrity sha512-DtBMo82pv1dFtUmHyr48beiuq792Sxohr+8Hm9zoxklYPfa6n0Z3Byjj2IV7bmr2IyqClnqEQhfgHJJ5QF0R5A==

domelementtype@^2.2.0:
  version "2.3.0"
  resolved "https://registry.yarnpkg.com/domelementtype/-/domelementtype-2.3.0.tgz#5c45e8e869952626331d7aab326d01daf65d589d"
  integrity sha512-OLETBj6w0OsagBwdXnPdN0cnMfF9opN69co+7ZrbfPGrdpPVNBUj02spi6B1N7wChLQiPn4CSH/zJvXw56gmHw==

domhandler@4.3.1, domhandler@^4.2.0, domhandler@^4.2.2:
  version "4.3.1"
  resolved "https://registry.yarnpkg.com/domhandler/-/domhandler-4.3.1.tgz#8d792033416f59d68bc03a5aa7b018c1ca89279c"
  integrity sha512-GrwoxYN+uWlzO8uhUXRl0P+kHE4GtVPfYzVLcUxPL7KNdHKj66vvlhiweIHqYYXWlw+T8iLMp42Lm67ghw4WMQ==
  dependencies:
    domelementtype "^2.2.0"

domutils@^2.8.0:
  version "2.8.0"
  resolved "https://registry.yarnpkg.com/domutils/-/domutils-2.8.0.tgz#4437def5db6e2d1f5d6ee859bd95ca7d02048135"
  integrity sha512-w96Cjofp72M5IIhpjgobBimYEfoPjx1Vx0BSX9P30WBdZW2WIKU0T1Bd0kz2eNZ9ikjKgHbEyKx8BB6H1L3h3A==
  dependencies:
    dom-serializer "^1.0.1"
    domelementtype "^2.2.0"
    domhandler "^4.2.0"

entities@^2.0.0:
  version "2.2.0"
  resolved "https://registry.yarnpkg.com/entities/-/entities-2.2.0.tgz#098dc90ebb83d8dffa089d55256b351d34c4da55"
  integrity sha512-p92if5Nz619I0w+akJrLZH0MX0Pb5DX39XOwQTtXSdQQOaYH03S1uIQp4mhOZtAXrxq4ViO67YTiLBo2638o9A==

entities@^3.0.1:
  version "3.0.1"
  resolved "https://registry.yarnpkg.com/entities/-/entities-3.0.1.tgz#2b887ca62585e96db3903482d336c1006c3001d4"
  integrity sha512-WiyBqoomrwMdFG1e0kqvASYfnlb0lp8M5o5Fw2OFq1hNZxxcNk8Ik0Xm7LxzBhuidnZB/UtBqVCgUz3kBOP51Q==

html-dom-parser@1.1.1:
  version "1.1.1"
  resolved "https://registry.yarnpkg.com/html-dom-parser/-/html-dom-parser-1.1.1.tgz#8fa32874bbfde0208a4e57b2342558d1cc8581d8"
  integrity sha512-ddijSO0GluZEdlLNmiAjFI+CkAgzUgf8n3vpitQhvlsniPMbCSWtu+QYmioaVmEN0stytm9C38p6SsTDthv0cA==
  dependencies:
    domhandler "4.3.1"
    htmlparser2 "7.2.0"

html-react-parser@1.4.9:
  version "1.4.9"
  resolved "https://registry.yarnpkg.com/html-react-parser/-/html-react-parser-1.4.9.tgz#fd0416728a5819292f5f718a76daa2659c46891f"
  integrity sha512-V45RVd7GEGtk5bmL9iBV/AkaTE6jj9uhvUrJ/cWlq06DrcMzvz2kqMeZfWEV2pIWkRDzLAqrotCfmFSvdTjpHA==
  dependencies:
    domhandler "4.3.1"
    html-dom-parser "1.1.1"
    react-property "2.0.0"
    style-to-js "1.1.0"

htmlparser2@7.2.0:
  version "7.2.0"
  resolved "https://registry.yarnpkg.com/htmlparser2/-/htmlparser2-7.2.0.tgz#8817cdea38bbc324392a90b1990908e81a65f5a5"
  integrity sha512-H7MImA4MS6cw7nbyURtLPO1Tms7C5H602LRETv95z1MxO/7CP7rDVROehUYeYBUYEON94NXXDEPmZuq+hX4sog==
  dependencies:
    domelementtype "^2.0.1"
    domhandler "^4.2.2"
    domutils "^2.8.0"
    entities "^3.0.1"

inline-style-parser@0.1.1:
  version "0.1.1"
  resolved "https://registry.yarnpkg.com/inline-style-parser/-/inline-style-parser-0.1.1.tgz#ec8a3b429274e9c0a1f1c4ffa9453a7fef72cea1"
  integrity sha512-7NXolsK4CAS5+xvdj5OMMbI962hU/wvwoxk+LWR9Ek9bVtyuuYScDN6eS0rUm6TxApFpw7CX1o4uJzcd4AyD3Q==

internmap@^1.0.0:
  version "1.0.1"
  resolved "https://registry.yarnpkg.com/internmap/-/internmap-1.0.1.tgz#0017cc8a3b99605f0302f2b198d272e015e5df95"
  integrity sha512-lDB5YccMydFBtasVtxnZ3MRBHuaoE8GKsppq+EchKL2U4nK/DmEpPHNH8MZe5HkMtpSiTSOZwfN0tzYjO/lJEw==

isexe@^2.0.0:
  version "2.0.0"
  resolved "https://registry.yarnpkg.com/isexe/-/isexe-2.0.0.tgz#e8fbf374dc556ff8947a10dcb0572d633f2cfa10"
  integrity sha1-6PvzdNxVb/iUehDcsFctYz8s+hA=

js-base64@^2.5.2:
  version "2.6.4"
  resolved "https://registry.yarnpkg.com/js-base64/-/js-base64-2.6.4.tgz#f4e686c5de1ea1f867dbcad3d46d969428df98c4"
  integrity sha512-pZe//GGmwJndub7ZghVHz7vjb2LgC1m8B07Au3eYqeqv9emhESByMXxaEgkUkEqJe87oBbSniGYoQNIBklc7IQ==

"js-tokens@^3.0.0 || ^4.0.0":
  version "4.0.0"
  resolved "https://registry.yarnpkg.com/js-tokens/-/js-tokens-4.0.0.tgz#19203fb59991df98e3a287050d4647cdeaf32499"
  integrity sha512-RdJUflcE3cUzKiMqQgsCu06FPu9UdIJO0beYbPhHN4k6apgJtifcoCtT9bcxOpYBtpD2kCM6Sbzg4CausW/PKQ==

lodash@^4.17.15, lodash@^4.17.20:
  version "4.17.21"
  resolved "https://registry.yarnpkg.com/lodash/-/lodash-4.17.21.tgz#679591c564c3bffaae8454cf0b3df370c3d6911c"
  integrity sha512-v2kDEe57lecTulaDIuNTPy3Ry4gLGJ6Z1O3vE1krgXZNrsQ+LFTGHVxVjcXPs17LhbZVGedAJv8XZ1tvj5FvSg==

loose-envify@^1.4.0:
  version "1.4.0"
  resolved "https://registry.yarnpkg.com/loose-envify/-/loose-envify-1.4.0.tgz#71ee51fa7be4caec1a63839f7e682d8132d30caf"
  integrity sha512-lyuxPGr/Wfhrlem2CL/UcnUc1zcqKAImBDzukY7Y5F/yQiNdko6+fRLevlw1HgMySw7f611UIY408EtxRSoK3Q==
  dependencies:
    js-tokens "^3.0.0 || ^4.0.0"

math-expression-evaluator@^1.2.14:
  version "1.3.8"
  resolved "https://registry.yarnpkg.com/math-expression-evaluator/-/math-expression-evaluator-1.3.8.tgz#320da3b2bc1512f4f50fc3020b2b1cd5c8e9d577"
  integrity sha512-9FbRY3i6U+CbHgrdNbAUaisjWTozkm1ZfupYQJiZ87NtYHk2Zh9DvxMgp/fifxVhqTLpd5fCCLossUbpZxGeKw==

object-assign@^4.1.1:
  version "4.1.1"
  resolved "https://registry.yarnpkg.com/object-assign/-/object-assign-4.1.1.tgz#2109adc7965887cfc05cbbd442cac8bfbb360863"
  integrity sha1-IQmtx5ZYh8/AXLvUQsrIv7s2CGM=

papaparse@^5.3.0:
  version "5.3.1"
  resolved "https://registry.yarnpkg.com/papaparse/-/papaparse-5.3.1.tgz#770b7a9124d821d4b2132132b7bd7dce7194b5b1"
  integrity sha512-Dbt2yjLJrCwH2sRqKFFJaN5XgIASO9YOFeFP8rIBRG2Ain8mqk5r1M6DkfvqEVozVcz3r3HaUGw253hA1nLIcA==

path-key@^3.1.0:
  version "3.1.1"
  resolved "https://registry.yarnpkg.com/path-key/-/path-key-3.1.1.tgz#581f6ade658cbba65a0d3380de7753295054f375"
  integrity sha512-ojmeN0qd+y0jszEtoY48r0Peq5dwMEkIlCOu6Q5f41lfkswXuKtYrhgoTpLnyIcHm24Uhqx+5Tqm2InSwLhE6Q==

prop-types@^15.5.10, prop-types@^15.5.7, prop-types@^15.5.8, prop-types@^15.6.0, prop-types@^15.6.2, prop-types@^15.7.2:
  version "15.7.2"
  resolved "https://registry.yarnpkg.com/prop-types/-/prop-types-15.7.2.tgz#52c41e75b8c87e72b9d9360e0206b99dcbffa6c5"
  integrity sha512-8QQikdH7//R2vurIJSutZ1smHYTcLpRWEOlHnzcWHmBYrOGUysKwSsrC89BCiFj3CbrfJ/nXFdJepOVrY1GCHQ==
  dependencies:
    loose-envify "^1.4.0"
    object-assign "^4.1.1"
    react-is "^16.8.1"

react-accessible-accordion@^3.3.4:
  version "3.3.5"
  resolved "https://registry.yarnpkg.com/react-accessible-accordion/-/react-accessible-accordion-3.3.5.tgz#5d035994a261c832a57e7822f1bbacf914c5a5cc"
  integrity sha512-yCh3tx+jNuOPs+m58LOBFTGDEaGvM8UfuCNznr855FDAWzwV8V/ZH/TVBvgqH0npP58KrrVrHpj4jcy0EE5hEw==

react-is@^16.8.1:
  version "16.13.1"
  resolved "https://registry.yarnpkg.com/react-is/-/react-is-16.13.1.tgz#789729a4dc36de2999dc156dd6c1d9c18cea56a4"
  integrity sha512-24e6ynE2H+OKt4kqsOvNd8kBpV65zoxbA4BVsEOB3ARVWQki/DHzaUoC5KuON/BiccDaCCTZBuOcfZs70kR8bQ==

react-property@2.0.0:
  version "2.0.0"
  resolved "https://registry.yarnpkg.com/react-property/-/react-property-2.0.0.tgz#2156ba9d85fa4741faf1918b38efc1eae3c6a136"
  integrity sha512-kzmNjIgU32mO4mmH5+iUyrqlpFQhF8K2k7eZ4fdLSOPFrD1XgEuSBv9LDEgxRXTMBqMd8ppT0x6TIzqE5pdGdw==

react-spring@^8.0.27:
  version "8.0.27"
  resolved "https://registry.yarnpkg.com/react-spring/-/react-spring-8.0.27.tgz#97d4dee677f41e0b2adcb696f3839680a3aa356a"
  integrity sha512-nDpWBe3ZVezukNRandTeLSPcwwTMjNVu1IDq9qA/AMiUqHuRN4BeSWvKr3eIxxg1vtiYiOLy4FqdfCP5IoP77g==
  dependencies:
    "@babel/runtime" "^7.3.1"
    prop-types "^15.5.8"

react-table@^7.5.0:
  version "7.7.0"
  resolved "https://registry.yarnpkg.com/react-table/-/react-table-7.7.0.tgz#e2ce14d7fe3a559f7444e9ecfe8231ea8373f912"
  integrity sha512-jBlj70iBwOTvvImsU9t01LjFjy4sXEtclBovl3mTiqjz23Reu0DKnRza4zlLtOPACx6j2/7MrQIthIK1Wi+LIA==

react-tooltip@4.2.8:
  version "4.2.8"
  resolved "https://registry.yarnpkg.com/react-tooltip/-/react-tooltip-4.2.8.tgz#270858fee46fab73b66de316271aa94145f7446b"
  integrity sha512-pDWa0/khTAgIfldp95tHgyuYyBhWNlfaU2LF9ubAKxpoqNe15uyf+uLlnhK/Lstb6FU8E8/SL28Wp6oEO9xw3g==
  dependencies:
    prop-types "^15.7.2"
    uuid "^7.0.3"

react-use-measure@^2.0.4:
  version "2.0.4"
  resolved "https://registry.yarnpkg.com/react-use-measure/-/react-use-measure-2.0.4.tgz#cb675b36eaeaf3681b94d5f5e08b2a1e081fedc9"
  integrity sha512-7K2HIGaPMl3Q9ZQiEVjen3tRXl4UDda8LiTPy/QxP8dP2rl5gPBhf7mMH6MVjjRNv3loU7sNzey/ycPNnHVTxQ==
  dependencies:
    debounce "^1.2.0"

reduce-css-calc@^1.3.0:
  version "1.3.0"
  resolved "https://registry.yarnpkg.com/reduce-css-calc/-/reduce-css-calc-1.3.0.tgz#747c914e049614a4c9cfbba629871ad1d2927716"
  integrity sha1-dHyRTgSWFKTJz7umKYca0dKSdxY=
  dependencies:
    balanced-match "^0.4.2"
    math-expression-evaluator "^1.2.14"
    reduce-function-call "^1.0.1"

reduce-function-call@^1.0.1:
  version "1.0.3"
  resolved "https://registry.yarnpkg.com/reduce-function-call/-/reduce-function-call-1.0.3.tgz#60350f7fb252c0a67eb10fd4694d16909971300f"
  integrity sha512-Hl/tuV2VDgWgCSEeWMLwxLZqX7OK59eU1guxXsRKTAyeYimivsKdtcV4fu3r710tpG5GmDKDhQ0HSZLExnNmyQ==
  dependencies:
    balanced-match "^1.0.0"

regenerator-runtime@^0.13.4:
  version "0.13.9"
  resolved "https://registry.yarnpkg.com/regenerator-runtime/-/regenerator-runtime-0.13.9.tgz#8925742a98ffd90814988d7566ad30ca3b263b52"
  integrity sha512-p3VT+cOEgxFsRRA9X4lkI1E+k2/CtnKtU4gcxyaCUreilL/vqI6CdZ3wxVUx3UOUg+gnUOQQcRI7BmSI656MYA==

shebang-command@^2.0.0:
  version "2.0.0"
  resolved "https://registry.yarnpkg.com/shebang-command/-/shebang-command-2.0.0.tgz#ccd0af4f8835fbdc265b82461aaf0c36663f34ea"
  integrity sha512-kHxr2zZpYtdmrN1qDjrrX/Z1rR1kG8Dx+gkpK1G4eXmvXswmcE1hTWBWYUzlraYw1/yZp6YuDY77YtvbN0dmDA==
  dependencies:
    shebang-regex "^3.0.0"

shebang-regex@^3.0.0:
  version "3.0.0"
  resolved "https://registry.yarnpkg.com/shebang-regex/-/shebang-regex-3.0.0.tgz#ae16f1644d873ecad843b0307b143362d4c42172"
  integrity sha512-7++dFhtcx3353uBaq8DDR4NuxBetBzC7ZQOhmTQInHEd6bSrXdiEyzCvG07Z44UYdLShWUyXt5M/yhz8ekcb1A==

style-to-js@1.1.0:
  version "1.1.0"
  resolved "https://registry.yarnpkg.com/style-to-js/-/style-to-js-1.1.0.tgz#631cbb20fce204019b3aa1fcb5b69d951ceac4ac"
  integrity sha512-1OqefPDxGrlMwcbfpsTVRyzwdhr4W0uxYQzeA2F1CBc8WG04udg2+ybRnvh3XYL4TdHQrCahLtax2jc8xaE6rA==
  dependencies:
    style-to-object "0.3.0"

style-to-object@0.3.0:
  version "0.3.0"
  resolved "https://registry.yarnpkg.com/style-to-object/-/style-to-object-0.3.0.tgz#b1b790d205991cc783801967214979ee19a76e46"
  integrity sha512-CzFnRRXhzWIdItT3OmF8SQfWyahHhjq3HwcMNCNLn+N7klOOqPjMeG/4JSu77D7ypZdGvSzvkrbyeTMizz2VrA==
  dependencies:
    inline-style-parser "0.1.1"

use-debounce@^6.0.1:
  version "6.0.1"
  resolved "https://registry.yarnpkg.com/use-debounce/-/use-debounce-6.0.1.tgz#ed1eb2b30189408fb9792ea2887f4c6c3cb401a3"
  integrity sha512-kpvIxpa0vOLz/2I2sfNJ72mUeaT2CMNCu5BT1f2HkV9qZK27UVSOFf1sSSu+wjJE4TcR2VTXS2SM569+m3TN7Q==

uuid@^7.0.3:
  version "7.0.3"
  resolved "https://registry.yarnpkg.com/uuid/-/uuid-7.0.3.tgz#c5c9f2c8cf25dc0a372c4df1441c41f5bd0c680b"
  integrity sha512-DPSke0pXhTZgoF/d+WSt2QaKMCFSfx7QegxEWT+JOuHF5aWrKEn0G+ztjuJg/gG8/ItK+rbPCD/yNv8yyih6Cg==

whatwg-fetch@^3.6.2:
  version "3.6.2"
  resolved "https://registry.yarnpkg.com/whatwg-fetch/-/whatwg-fetch-3.6.2.tgz#dced24f37f2624ed0281725d51d0e2e3fe677f8c"
  integrity sha512-bJlen0FcuU/0EMLrdbJ7zOnW6ITZLrZMIarMUVmdKtsGvZna8vxKYaexICWPfZ8qwf9fzNq+UEIZrnSaApt6RA==

which@^2.0.1:
  version "2.0.2"
  resolved "https://registry.yarnpkg.com/which/-/which-2.0.2.tgz#7c6a8dd0a636a0327e10b59c9286eee93f3f51b1"
  integrity sha512-BLI3Tl1TW3Pvl70l3yq3Y64i+awpwXqsGBYWkkqMtnbXgrMD+yj7rhW0kuEDxzJaYXGjEW5ogapKNMEKNMjibA==
  dependencies:
    isexe "^2.0.0"
