# THIS IS AN AUTOGENERATED FILE. DO NOT EDIT THIS FILE DIRECTLY.
# yarn lockfile v1


"@babel/runtime@^7.9.2":
  "integrity" "sha512-lSiBBvodq29uShpWGNbgFdKYNiFDo5/HIYsaCEY9ff4sb10x9jizo2+pRrSyF4jKZCXqgzuqBOQKbUm90gQwJg=="
  "resolved" "https://registry.npmjs.org/@babel/runtime/-/runtime-7.17.9.tgz"
  "version" "7.17.9"
  dependencies:
    "regenerator-runtime" "^0.13.4"

"@cdc/chart@^1.3.2":
  "resolved" "file:../chart"
  "version" "1.3.2"
  dependencies:
    "@cdc/core" "^1.1.2"
    "@visx/axis" "^1.0.0"
    "@visx/curve" "^1.0.0"
    "@visx/gradient" "^1.0.0"
    "@visx/group" "^1.0.0"
    "@visx/legend" "^1.1.0"
    "@visx/marker" "^1.1.0"
    "@visx/mock-data" "^1.0.0"
    "@visx/scale" "^1.0.0"
    "@visx/shape" "^1.0.0"
    "@visx/tooltip" "^1.1.0"
    "chroma-js" "^2.1.2"
    "d3-array" "^2.8.0"
    "d3-time-format" "^3.0.0"
    "html-react-parser" "1.4.9"
    "js-base64" "^2.5.2"
    "papaparse" "^5.3.0"
    "react-accessible-accordion" "^3.3.4"
    "react-spring" "^8.0.27"
    "react-table" "^7.5.0"
    "react-tooltip" "4.2.8"
    "use-debounce" "^6.0.1"
    "whatwg-fetch" "^3.6.2"

"@cdc/core@^1.1.2":
  "resolved" "file:../core"
  "version" "1.1.2"
  dependencies:
    "lodash.get" "^4.4.2"
    "lodash.merge" "^4.6.2"
    "prop-types" "^15.8.1"
    "react-accessible-accordion" "^3.3.4"
    "react-select" "^5.3.1"
    "react-tooltip" "4.2.8"
    "use-debounce" "^6.0.1"

"@cdc/data-byte@^1.1.2":
  "resolved" "file:../data-byte"
  "version" "1.1.2"
  dependencies:
    "@cdc/core" "^1.1.2"
    "chroma" "0.0.1"
    "chroma-js" "^2.1.0"
    "html-react-parser" "1.4.9"
    "react-beautiful-dnd" "^13.0.0"

"@cdc/map@^2.6.2":
  "resolved" "file:../map"
  "version" "2.6.2"
  dependencies:
    "@babel/runtime" "^7.12.5"
    "@cdc/core" "^1.1.2"
    "@emotion/core" "^10.0.28"
    "@emotion/react" "^11.1.5"
    "@visx/geo" "^1.13.0"
    "canvg" "^3.0.7"
    "chroma" "0.0.1"
    "chroma-js" "^2.1.0"
    "d3" "^6.6.0"
    "d3-composite-projections" "^1.4.0"
    "html-react-parser" "1.4.9"
    "html2canvas" "^1.0.0-rc.7"
    "html2pdf.js" "^0.9.2"
    "papaparse" "^5.3.0"
    "react-accessible-accordion" "^3.0.1"
    "react-beautiful-dnd" "^13.0.0"
    "react-table" "^7.5.0"
    "react-tag-autocomplete" "^6.0.0"
    "react-tooltip" "4.2.8"
    "topojson-client" "^3.1.0"
    "use-debounce" "^5.2.0"
    "whatwg-fetch" "^3.6.2"

"@cdc/markup-include@^1.0.0":
  "resolved" "file:../markup-include"
  "version" "1.0.0"
  dependencies:
    "@cdc/core" "^1.1.2"
    "axios" "^0.26.1"
    "chroma" "0.0.1"
    "chroma-js" "^2.1.0"
    "interweave" "^13.0.0"
    "react-accessible-accordion" "^3.3.4"

"@cdc/waffle-chart@^1.0.0":
  "resolved" "file:../waffle-chart"
  "version" "1.0.0"
  dependencies:
    "@cdc/core" "^1.1.2"
    "@visx/shape" "^2.1.1"
    "chroma" "0.0.1"
    "chroma-js" "^2.1.0"
    "html-react-parser" "1.4.9"
    "react-accessible-accordion" "^3.3.4"
    "react-tooltip" "4.2.8"
    "use-debounce" "^6.0.1"
    "whatwg-fetch" "^3.6.2"

"@react-dnd/asap@^4.0.0":
  "integrity" "sha512-kLy0PJDDwvwwTXxqTFNAAllPHD73AycE9ypWeln/IguoGBEbvFcPDbCV03G52bEcC5E+YgupBE0VzHGdC8SIXg=="
  "resolved" "https://registry.npmjs.org/@react-dnd/asap/-/asap-4.0.1.tgz"
  "version" "4.0.1"

"@react-dnd/invariant@^2.0.0":
  "integrity" "sha512-xL4RCQBCBDJ+GRwKTFhGUW8GXa4yoDfJrPbLblc3U09ciS+9ZJXJ3Qrcs/x2IODOdIE5kQxvMmE2UKyqUictUw=="
  "resolved" "https://registry.npmjs.org/@react-dnd/invariant/-/invariant-2.0.0.tgz"
  "version" "2.0.0"

"@react-dnd/shallowequal@^2.0.0":
  "integrity" "sha512-Pc/AFTdwZwEKJxFJvlxrSmGe/di+aAOBn60sremrpLo6VI/6cmiUYNNwlI5KNYttg7uypzA3ILPMPgxB2GYZEg=="
  "resolved" "https://registry.npmjs.org/@react-dnd/shallowequal/-/shallowequal-2.0.0.tgz"
  "version" "2.0.0"

"@types/prop-types@*":
  "integrity" "sha512-JCB8C6SnDoQf0cNycqd/35A7MjcnK+ZTqE7judS6o7utxUCg6imJg3QK2qzHKszlTjcj2cn+NwMB2i96ubpj7w=="
  "resolved" "https://registry.npmjs.org/@types/prop-types/-/prop-types-15.7.5.tgz"
  "version" "15.7.5"

"@types/react@>= 16":
  "version" "17.0.45"
  dependencies:
    "@types/prop-types" "*"
    "@types/scheduler" "*"
    "csstype" "^3.0.2"

"@types/scheduler@*":
  "integrity" "sha512-hppQEBDmlwhFAXKJX2KnWLYu5yMfi91yazPb2l+lbJiwW+wdo1gNeRA+3RgNSO39WYX2euey41KEwnqesU2Jew=="
  "resolved" "https://registry.npmjs.org/@types/scheduler/-/scheduler-0.16.2.tgz"
  "version" "0.16.2"

"csstype@^3.0.2":
  "integrity" "sha512-sa6P2wJ+CAbgyy4KFssIb/JNMLxFvKF1pCYCSXS8ZMuqZnMsrxqI2E5sPyoTpxoPU/gVZMzr2zjOfg8GIZOMsw=="
  "resolved" "https://registry.npmjs.org/csstype/-/csstype-3.0.11.tgz"
  "version" "3.0.11"

"dnd-core@14.0.1":
  "integrity" "sha512-+PVS2VPTgKFPYWo3vAFEA8WPbTf7/xo43TifH9G8S1KqnrQu0o77A3unrF5yOugy4mIz7K5wAVFHUcha7wsz6A=="
  "resolved" "https://registry.npmjs.org/dnd-core/-/dnd-core-14.0.1.tgz"
  "version" "14.0.1"
  dependencies:
    "@react-dnd/asap" "^4.0.0"
    "@react-dnd/invariant" "^2.0.0"
    "redux" "^4.1.1"

"dom-serializer@^1.0.1":
  "integrity" "sha512-VHwB3KfrcOOkelEG2ZOfxqLZdfkil8PtJi4P8N2MMXucZq2yLp75ClViUlOVwyoHEDjYU433Aq+5zWP61+RGag=="
  "resolved" "https://registry.npmjs.org/dom-serializer/-/dom-serializer-1.4.1.tgz"
  "version" "1.4.1"
  dependencies:
    "domelementtype" "^2.0.1"
    "domhandler" "^4.2.0"
    "entities" "^2.0.0"

"domelementtype@^2.0.1", "domelementtype@^2.2.0":
  "integrity" "sha512-OLETBj6w0OsagBwdXnPdN0cnMfF9opN69co+7ZrbfPGrdpPVNBUj02spi6B1N7wChLQiPn4CSH/zJvXw56gmHw=="
  "resolved" "https://registry.npmjs.org/domelementtype/-/domelementtype-2.3.0.tgz"
  "version" "2.3.0"

"domhandler@^4.2.0", "domhandler@^4.2.2", "domhandler@4.3.1":
  "integrity" "sha512-GrwoxYN+uWlzO8uhUXRl0P+kHE4GtVPfYzVLcUxPL7KNdHKj66vvlhiweIHqYYXWlw+T8iLMp42Lm67ghw4WMQ=="
  "resolved" "https://registry.npmjs.org/domhandler/-/domhandler-4.3.1.tgz"
  "version" "4.3.1"
  dependencies:
    "domelementtype" "^2.2.0"

"domutils@^2.8.0":
  "integrity" "sha512-w96Cjofp72M5IIhpjgobBimYEfoPjx1Vx0BSX9P30WBdZW2WIKU0T1Bd0kz2eNZ9ikjKgHbEyKx8BB6H1L3h3A=="
  "resolved" "https://registry.npmjs.org/domutils/-/domutils-2.8.0.tgz"
  "version" "2.8.0"
  dependencies:
    "dom-serializer" "^1.0.1"
    "domelementtype" "^2.2.0"
    "domhandler" "^4.2.0"

"entities@^2.0.0":
  "integrity" "sha512-p92if5Nz619I0w+akJrLZH0MX0Pb5DX39XOwQTtXSdQQOaYH03S1uIQp4mhOZtAXrxq4ViO67YTiLBo2638o9A=="
  "resolved" "https://registry.npmjs.org/entities/-/entities-2.2.0.tgz"
  "version" "2.2.0"

"entities@^3.0.1":
  "integrity" "sha512-WiyBqoomrwMdFG1e0kqvASYfnlb0lp8M5o5Fw2OFq1hNZxxcNk8Ik0Xm7LxzBhuidnZB/UtBqVCgUz3kBOP51Q=="
  "resolved" "https://registry.npmjs.org/entities/-/entities-3.0.1.tgz"
  "version" "3.0.1"

"fast-deep-equal@^3.1.3":
  "integrity" "sha512-f3qQ9oQy9j2AhBe/H9VC91wLmKBCCU/gDOnKNAYG5hswO7BLKj09Hc5HYNz9cGI++xlpDCIgDaitVs03ATR84Q=="
  "resolved" "https://registry.npmjs.org/fast-deep-equal/-/fast-deep-equal-3.1.3.tgz"
  "version" "3.1.3"

"hoist-non-react-statics@^3.3.2":
  "integrity" "sha512-/gGivxi8JPKWNm/W0jSmzcMPpfpPLc3dY/6GxhX2hQ9iGj3aDfklV4ET7NjKpSinLpJ5vafa9iiGIEZg10SfBw=="
  "resolved" "https://registry.npmjs.org/hoist-non-react-statics/-/hoist-non-react-statics-3.3.2.tgz"
  "version" "3.3.2"
  dependencies:
    "react-is" "^16.7.0"

"html-dom-parser@1.1.1":
  "integrity" "sha512-ddijSO0GluZEdlLNmiAjFI+CkAgzUgf8n3vpitQhvlsniPMbCSWtu+QYmioaVmEN0stytm9C38p6SsTDthv0cA=="
  "resolved" "https://registry.npmjs.org/html-dom-parser/-/html-dom-parser-1.1.1.tgz"
  "version" "1.1.1"
  dependencies:
    "domhandler" "4.3.1"
    "htmlparser2" "7.2.0"

"html-react-parser@1.4.9":
  "integrity" "sha512-V45RVd7GEGtk5bmL9iBV/AkaTE6jj9uhvUrJ/cWlq06DrcMzvz2kqMeZfWEV2pIWkRDzLAqrotCfmFSvdTjpHA=="
  "resolved" "https://registry.npmjs.org/html-react-parser/-/html-react-parser-1.4.9.tgz"
  "version" "1.4.9"
  dependencies:
    "domhandler" "4.3.1"
    "html-dom-parser" "1.1.1"
    "react-property" "2.0.0"
    "style-to-js" "1.1.0"

"htmlparser2@7.2.0":
  "integrity" "sha512-H7MImA4MS6cw7nbyURtLPO1Tms7C5H602LRETv95z1MxO/7CP7rDVROehUYeYBUYEON94NXXDEPmZuq+hX4sog=="
  "resolved" "https://registry.npmjs.org/htmlparser2/-/htmlparser2-7.2.0.tgz"
  "version" "7.2.0"
  dependencies:
    "domelementtype" "^2.0.1"
    "domhandler" "^4.2.2"
    "domutils" "^2.8.0"
    "entities" "^3.0.1"

"inline-style-parser@0.1.1":
  "integrity" "sha512-7NXolsK4CAS5+xvdj5OMMbI962hU/wvwoxk+LWR9Ek9bVtyuuYScDN6eS0rUm6TxApFpw7CX1o4uJzcd4AyD3Q=="
  "resolved" "https://registry.npmjs.org/inline-style-parser/-/inline-style-parser-0.1.1.tgz"
  "version" "0.1.1"

"js-base64@^2.5.2":
  "integrity" "sha512-pZe//GGmwJndub7ZghVHz7vjb2LgC1m8B07Au3eYqeqv9emhESByMXxaEgkUkEqJe87oBbSniGYoQNIBklc7IQ=="
  "resolved" "https://registry.npmjs.org/js-base64/-/js-base64-2.6.4.tgz"
  "version" "2.6.4"

"js-tokens@^3.0.0 || ^4.0.0":
  "integrity" "sha512-RdJUflcE3cUzKiMqQgsCu06FPu9UdIJO0beYbPhHN4k6apgJtifcoCtT9bcxOpYBtpD2kCM6Sbzg4CausW/PKQ=="
  "resolved" "https://registry.npmjs.org/js-tokens/-/js-tokens-4.0.0.tgz"
  "version" "4.0.0"

"loose-envify@^1.1.0", "loose-envify@^1.4.0":
  "integrity" "sha512-lyuxPGr/Wfhrlem2CL/UcnUc1zcqKAImBDzukY7Y5F/yQiNdko6+fRLevlw1HgMySw7f611UIY408EtxRSoK3Q=="
  "resolved" "https://registry.npmjs.org/loose-envify/-/loose-envify-1.4.0.tgz"
  "version" "1.4.0"
  dependencies:
    "js-tokens" "^3.0.0 || ^4.0.0"

"object-assign@^4.1.1":
  "integrity" "sha1-IQmtx5ZYh8/AXLvUQsrIv7s2CGM="
  "resolved" "https://registry.npmjs.org/object-assign/-/object-assign-4.1.1.tgz"
  "version" "4.1.1"

"papaparse@^5.3.0":
  "integrity" "sha512-6dNZu0Ki+gyV0eBsFKJhYr+MdQYAzFUGlBMNj3GNrmHxmz1lfRa24CjFObPXtjcetlOv5Ad299MhIK0znp3afw=="
  "resolved" "https://registry.npmjs.org/papaparse/-/papaparse-5.3.2.tgz"
  "version" "5.3.2"

"prop-types@^15.7.2":
  "integrity" "sha512-oj87CgZICdulUohogVAR7AjlC0327U4el4L6eAvOqCeudMDVU0NThNaV+b9Df4dXgSP1gXMTnPdhfe/2qDH5cg=="
  "resolved" "https://registry.npmjs.org/prop-types/-/prop-types-15.8.1.tgz"
  "version" "15.8.1"
  dependencies:
    "loose-envify" "^1.4.0"
    "object-assign" "^4.1.1"
    "react-is" "^16.13.1"

"react-accessible-accordion@^3.3.4":
  "integrity" "sha512-yCh3tx+jNuOPs+m58LOBFTGDEaGvM8UfuCNznr855FDAWzwV8V/ZH/TVBvgqH0npP58KrrVrHpj4jcy0EE5hEw=="
  "resolved" "https://registry.npmjs.org/react-accessible-accordion/-/react-accessible-accordion-3.3.5.tgz"
  "version" "3.3.5"

"react-dnd-html5-backend@^14.0.0":
  "integrity" "sha512-6ONeqEC3XKVf4eVmMTe0oPds+c5B9Foyj8p/ZKLb7kL2qh9COYxiBHv3szd6gztqi/efkmriywLUVlPotqoJyw=="
  "resolved" "https://registry.npmjs.org/react-dnd-html5-backend/-/react-dnd-html5-backend-14.1.0.tgz"
  "version" "14.1.0"
  dependencies:
    "dnd-core" "14.0.1"

"react-dnd@^14.0.2":
  "integrity" "sha512-9i1jSgbyVw0ELlEVt/NkCUkxy1hmhJOkePoCH713u75vzHGyXhPDm28oLfc2NMSBjZRM1Y+wRjHXJT3sPrTy+A=="
  "resolved" "https://registry.npmjs.org/react-dnd/-/react-dnd-14.0.5.tgz"
  "version" "14.0.5"
  dependencies:
    "@react-dnd/invariant" "^2.0.0"
    "@react-dnd/shallowequal" "^2.0.0"
    "dnd-core" "14.0.1"
    "fast-deep-equal" "^3.1.3"
    "hoist-non-react-statics" "^3.3.2"

"react-dom@^16.3.3 || ^17.0.0", "react-dom@>=16", "react-dom@>=16.0.0":
  "integrity" "sha512-s4h96KtLDUQlsENhMn1ar8t2bEa+q/YAtj8pPPdIjPDGBDIVNsrD9aXNWqspUe6AzKCIG0C1HZZLqLV7qpOBGA=="
  "resolved" "https://registry.npmjs.org/react-dom/-/react-dom-17.0.2.tgz"
  "version" "17.0.2"
  dependencies:
    "loose-envify" "^1.1.0"
    "object-assign" "^4.1.1"
    "scheduler" "^0.20.2"

"react-is@^16.13.1", "react-is@^16.7.0":
  "integrity" "sha512-24e6ynE2H+OKt4kqsOvNd8kBpV65zoxbA4BVsEOB3ARVWQki/DHzaUoC5KuON/BiccDaCCTZBuOcfZs70kR8bQ=="
  "resolved" "https://registry.npmjs.org/react-is/-/react-is-16.13.1.tgz"
  "version" "16.13.1"

"react-property@2.0.0":
  "integrity" "sha512-kzmNjIgU32mO4mmH5+iUyrqlpFQhF8K2k7eZ4fdLSOPFrD1XgEuSBv9LDEgxRXTMBqMd8ppT0x6TIzqE5pdGdw=="
  "resolved" "https://registry.npmjs.org/react-property/-/react-property-2.0.0.tgz"
  "version" "2.0.0"

"react-table@^7.5.0":
  "integrity" "sha512-jBlj70iBwOTvvImsU9t01LjFjy4sXEtclBovl3mTiqjz23Reu0DKnRza4zlLtOPACx6j2/7MrQIthIK1Wi+LIA=="
  "resolved" "https://registry.npmjs.org/react-table/-/react-table-7.7.0.tgz"
  "version" "7.7.0"

"react-tooltip@4.2.8":
  "integrity" "sha512-pDWa0/khTAgIfldp95tHgyuYyBhWNlfaU2LF9ubAKxpoqNe15uyf+uLlnhK/Lstb6FU8E8/SL28Wp6oEO9xw3g=="
  "resolved" "https://registry.npmjs.org/react-tooltip/-/react-tooltip-4.2.8.tgz"
  "version" "4.2.8"
  dependencies:
    "prop-types" "^15.7.2"
    "uuid" "^7.0.3"

"react@^16.3.2 || ^17.0.0", "react@^16.8.3 || ^17.0.0-0", "react@>= 16.14", "react@>=16.0.0", "react@>=16.8", "react@>=16.8.0", "react@0.14 || 15 || 16 || 17", "react@17.0.2":
  "integrity" "sha512-gnhPt75i/dq/z3/6q/0asP78D0u592D5L1pd7M8P+dck6Fu/jJeL6iVVK23fptSUZj8Vjf++7wXA8UNclGQcbA=="
  "resolved" "https://registry.npmjs.org/react/-/react-17.0.2.tgz"
  "version" "17.0.2"
  dependencies:
    "loose-envify" "^1.1.0"
    "object-assign" "^4.1.1"

"redux@^4.1.1":
  "integrity" "sha512-oSBmcKKIuIR4ME29/AeNUnl5L+hvBq7OaJWzaptTQJAntaPvxIJqfnjbaEiCzzaIz+XmVILfqAM3Ob0aXLPfjA=="
  "resolved" "https://registry.npmjs.org/redux/-/redux-4.2.0.tgz"
  "version" "4.2.0"
  dependencies:
    "@babel/runtime" "^7.9.2"

"regenerator-runtime@^0.13.4":
  "integrity" "sha512-p3VT+cOEgxFsRRA9X4lkI1E+k2/CtnKtU4gcxyaCUreilL/vqI6CdZ3wxVUx3UOUg+gnUOQQcRI7BmSI656MYA=="
  "resolved" "https://registry.npmjs.org/regenerator-runtime/-/regenerator-runtime-0.13.9.tgz"
  "version" "0.13.9"

"scheduler@^0.20.2":
  "integrity" "sha512-2eWfGgAqqWFGqtdMmcL5zCMK1U8KlXv8SQFGglL3CEtd0aDVDWgeF/YoCmvln55m5zSk3J/20hTaSBeSObsQDQ=="
  "resolved" "https://registry.npmjs.org/scheduler/-/scheduler-0.20.2.tgz"
  "version" "0.20.2"
  dependencies:
    "loose-envify" "^1.1.0"
    "object-assign" "^4.1.1"

"style-to-js@1.1.0":
  "integrity" "sha512-1OqefPDxGrlMwcbfpsTVRyzwdhr4W0uxYQzeA2F1CBc8WG04udg2+ybRnvh3XYL4TdHQrCahLtax2jc8xaE6rA=="
  "resolved" "https://registry.npmjs.org/style-to-js/-/style-to-js-1.1.0.tgz"
  "version" "1.1.0"
  dependencies:
    "style-to-object" "0.3.0"

"style-to-object@0.3.0":
  "integrity" "sha512-CzFnRRXhzWIdItT3OmF8SQfWyahHhjq3HwcMNCNLn+N7klOOqPjMeG/4JSu77D7ypZdGvSzvkrbyeTMizz2VrA=="
  "resolved" "https://registry.npmjs.org/style-to-object/-/style-to-object-0.3.0.tgz"
  "version" "0.3.0"
  dependencies:
    "inline-style-parser" "0.1.1"

"use-debounce@^6.0.1":
  "integrity" "sha512-kpvIxpa0vOLz/2I2sfNJ72mUeaT2CMNCu5BT1f2HkV9qZK27UVSOFf1sSSu+wjJE4TcR2VTXS2SM569+m3TN7Q=="
  "resolved" "https://registry.npmjs.org/use-debounce/-/use-debounce-6.0.1.tgz"
  "version" "6.0.1"

"uuid@^7.0.3":
  "integrity" "sha512-DPSke0pXhTZgoF/d+WSt2QaKMCFSfx7QegxEWT+JOuHF5aWrKEn0G+ztjuJg/gG8/ItK+rbPCD/yNv8yyih6Cg=="
  "resolved" "https://registry.npmjs.org/uuid/-/uuid-7.0.3.tgz"
  "version" "7.0.3"

"uuid@^8.3.2":
  "integrity" "sha512-+NYs2QeMWy+GWFOEm9xnn6HCDp0l7QBD7ml8zLUmJ+93Q5NF0NocErnwkTkXVFNiX3/fpC6afS8Dhb/gz7R7eg=="
  "resolved" "https://registry.npmjs.org/uuid/-/uuid-8.3.2.tgz"
  "version" "8.3.2"

"whatwg-fetch@^3.6.2":
  "integrity" "sha512-bJlen0FcuU/0EMLrdbJ7zOnW6ITZLrZMIarMUVmdKtsGvZna8vxKYaexICWPfZ8qwf9fzNq+UEIZrnSaApt6RA=="
  "resolved" "https://registry.npmjs.org/whatwg-fetch/-/whatwg-fetch-3.6.2.tgz"
  "version" "3.6.2"
