# THIS IS AN AUTOGENERATED FILE. DO NOT EDIT THIS FILE DIRECTLY.
# yarn lockfile v1


use-debounce@^6.0.1:
  version "6.0.1"
  resolved "https://registry.yarnpkg.com/use-debounce/-/use-debounce-6.0.1.tgz#ed1eb2b30189408fb9792ea2887f4c6c3cb401a3"
  integrity sha512-kpvIxpa0vOLz/2I2sfNJ72mUeaT2CMNCu5BT1f2HkV9qZK27UVSOFf1sSSu+wjJE4TcR2VTXS2SM569+m3TN7Q==
