{
	"name": "@cdc/editor",
	"version": "1.0.0-alpha.0",
	"lockfileVersion": 1,
	"requires": true,
	"dependencies": {
		"@babel/runtime": {
			"version": "7.12.5",
			"resolved": "https://registry.npmjs.org/@babel/runtime/-/runtime-7.12.5.tgz",
			"integrity": "sha512-plcc+hbExy3McchJCEQG3knOsuh3HH+Prx1P6cLIkET/0dLuQDEnrT+s27Axgc9bqfsmNUNHfscgMUdBpC9xfg==",
			"requires": {
				"regenerator-runtime": "^0.13.4"
			}
		},
		"@types/domhandler": {
			"version": "2.4.1",
			"resolved": "https://registry.npmjs.org/@types/domhandler/-/domhandler-2.4.1.tgz",
			"integrity": "sha512-cfBw6q6tT5sa1gSPFSRKzF/xxYrrmeiut7E0TxNBObiLSBTuFEHibcfEe3waQPEDbqBsq+ql/TOniw65EyDFMA=="
		},
		"@types/domutils": {
			"version": "1.7.3",
			"resolved": "https://registry.npmjs.org/@types/domutils/-/domutils-1.7.3.tgz",
			"integrity": "sha512-EucnS75OnnEdypNt+UpARisSF8eJBq4no+aVOis3Bs5kyABDXm1hEDv6jJxcMJPjR+a2YCrEANaW+BMT2QVG2Q==",
			"requires": {
				"domhandler": "^2.4.0"
			}
		},
		"@types/htmlparser2": {
			"version": "3.10.2",
			"resolved": "https://registry.npmjs.org/@types/htmlparser2/-/htmlparser2-3.10.2.tgz",
			"integrity": "sha512-81vjuO800UMoHjYbCbqtBmfC3iCsrROKpqndo0acKiN6k/cpW+YOw9FzRP0ghujHeUNCOox2AQPrrMy6+j5UpQ==",
			"requires": {
				"@types/domutils": "*",
				"@types/node": "*",
				"domhandler": "^2.4.0"
			}
		},
		"@types/node": {
			"version": "14.14.20",
			"resolved": "https://registry.npmjs.org/@types/node/-/node-14.14.20.tgz",
			"integrity": "sha512-Y93R97Ouif9JEOWPIUyU+eyIdyRqQR0I8Ez1dzku4hDx34NWh4HbtIc3WNzwB1Y9ULvNGeu5B8h8bVL5cAk4/A=="
		},
		"attr-accept": {
			"version": "2.2.2",
			"resolved": "https://registry.npmjs.org/attr-accept/-/attr-accept-2.2.2.tgz",
			"integrity": "sha512-7prDjvt9HmqiZ0cl5CRjtS84sEyhsHP2coDkaZKRKVfCDo9s7iw7ChVmar78Gu9pC4SoR/28wFu/G5JJhTnqEg=="
		},
		"bootstrap": {
			"version": "4.5.3",
			"resolved": "https://registry.npmjs.org/bootstrap/-/bootstrap-4.5.3.tgz",
			"integrity": "sha512-o9ppKQioXGqhw8Z7mah6KdTYpNQY//tipnkxppWhPbiSWdD+1raYsnhwEZjkTHYbGee4cVQ0Rx65EhOY/HNLcQ=="
		},
		"commander": {
			"version": "2.20.3",
			"resolved": "https://registry.npmjs.org/commander/-/commander-2.20.3.tgz",
			"integrity": "sha512-GpVkmM8vF2vQUkj2LvZmD35JxeJOLCwJ9cUkugyk2nuhbv3+mJvpLYYt+0+USMxE+oj+ey/lJEnhZw75x/OMcQ=="
		},
		"d3": {
			"version": "6.3.1",
			"resolved": "https://registry.npmjs.org/d3/-/d3-6.3.1.tgz",
			"integrity": "sha512-rbaoA67o2N4lO1TCuvrTGQdowNb3zT0z2ygg6TLmJZAd7TRPg+lhbfDOVwQUAgdbRD+73kg2FrEQ9HLiap5H2w==",
			"requires": {
				"d3-array": "2",
				"d3-axis": "2",
				"d3-brush": "2",
				"d3-chord": "2",
				"d3-color": "2",
				"d3-contour": "2",
				"d3-delaunay": "5",
				"d3-dispatch": "2",
				"d3-drag": "2",
				"d3-dsv": "2",
				"d3-ease": "2",
				"d3-fetch": "2",
				"d3-force": "2",
				"d3-format": "2",
				"d3-geo": "2",
				"d3-hierarchy": "2",
				"d3-interpolate": "2",
				"d3-path": "2",
				"d3-polygon": "2",
				"d3-quadtree": "2",
				"d3-random": "2",
				"d3-scale": "3",
				"d3-scale-chromatic": "2",
				"d3-selection": "2",
				"d3-shape": "2",
				"d3-time": "2",
				"d3-time-format": "3",
				"d3-timer": "2",
				"d3-transition": "2",
				"d3-zoom": "2"
			}
		},
		"d3-array": {
			"version": "2.9.1",
			"resolved": "https://registry.npmjs.org/d3-array/-/d3-array-2.9.1.tgz",
			"integrity": "sha512-Ob7RdOtkqsjx1NWyQHMFLtCSk6/aKTxDdC4ZIolX+O+mDD2RzrsYgAyc0WGAlfYFVELLSilS7w8BtE3PKM8bHg=="
		},
		"d3-axis": {
			"version": "2.0.0",
			"resolved": "https://registry.npmjs.org/d3-axis/-/d3-axis-2.0.0.tgz",
			"integrity": "sha512-9nzB0uePtb+u9+dWir+HTuEAKJOEUYJoEwbJPsZ1B4K3iZUgzJcSENQ05Nj7S4CIfbZZ8/jQGoUzGKFznBhiiQ=="
		},
		"d3-brush": {
			"version": "2.1.0",
			"resolved": "https://registry.npmjs.org/d3-brush/-/d3-brush-2.1.0.tgz",
			"integrity": "sha512-cHLLAFatBATyIKqZOkk/mDHUbzne2B3ZwxkzMHvFTCZCmLaXDpZRihQSn8UNXTkGD/3lb/W2sQz0etAftmHMJQ==",
			"requires": {
				"d3-dispatch": "1 - 2",
				"d3-drag": "2",
				"d3-interpolate": "1 - 2",
				"d3-selection": "2",
				"d3-transition": "2"
			}
		},
		"d3-chord": {
			"version": "2.0.0",
			"resolved": "https://registry.npmjs.org/d3-chord/-/d3-chord-2.0.0.tgz",
			"integrity": "sha512-D5PZb7EDsRNdGU4SsjQyKhja8Zgu+SHZfUSO5Ls8Wsn+jsAKUUGkcshLxMg9HDFxG3KqavGWaWkJ8EpU8ojuig==",
			"requires": {
				"d3-path": "1 - 2"
			}
		},
		"d3-color": {
			"version": "2.0.0",
			"resolved": "https://registry.npmjs.org/d3-color/-/d3-color-2.0.0.tgz",
			"integrity": "sha512-SPXi0TSKPD4g9tw0NMZFnR95XVgUZiBH+uUTqQuDu1OsE2zomHU7ho0FISciaPvosimixwHFl3WHLGabv6dDgQ=="
		},
		"d3-contour": {
			"version": "2.0.0",
			"resolved": "https://registry.npmjs.org/d3-contour/-/d3-contour-2.0.0.tgz",
			"integrity": "sha512-9unAtvIaNk06UwqBmvsdHX7CZ+NPDZnn8TtNH1myW93pWJkhsV25JcgnYAu0Ck5Veb1DHiCv++Ic5uvJ+h50JA==",
			"requires": {
				"d3-array": "2"
			}
		},
		"d3-delaunay": {
			"version": "5.3.0",
			"resolved": "https://registry.npmjs.org/d3-delaunay/-/d3-delaunay-5.3.0.tgz",
			"integrity": "sha512-amALSrOllWVLaHTnDLHwMIiz0d1bBu9gZXd1FiLfXf8sHcX9jrcj81TVZOqD4UX7MgBZZ07c8GxzEgBpJqc74w==",
			"requires": {
				"delaunator": "4"
			}
		},
		"d3-dispatch": {
			"version": "2.0.0",
			"resolved": "https://registry.npmjs.org/d3-dispatch/-/d3-dispatch-2.0.0.tgz",
			"integrity": "sha512-S/m2VsXI7gAti2pBoLClFFTMOO1HTtT0j99AuXLoGFKO6deHDdnv6ZGTxSTTUTgO1zVcv82fCOtDjYK4EECmWA=="
		},
		"d3-drag": {
			"version": "2.0.0",
			"resolved": "https://registry.npmjs.org/d3-drag/-/d3-drag-2.0.0.tgz",
			"integrity": "sha512-g9y9WbMnF5uqB9qKqwIIa/921RYWzlUDv9Jl1/yONQwxbOfszAWTCm8u7HOTgJgRDXiRZN56cHT9pd24dmXs8w==",
			"requires": {
				"d3-dispatch": "1 - 2",
				"d3-selection": "2"
			}
		},
		"d3-dsv": {
			"version": "2.0.0",
			"resolved": "https://registry.npmjs.org/d3-dsv/-/d3-dsv-2.0.0.tgz",
			"integrity": "sha512-E+Pn8UJYx9mViuIUkoc93gJGGYut6mSDKy2+XaPwccwkRGlR+LO97L2VCCRjQivTwLHkSnAJG7yo00BWY6QM+w==",
			"requires": {
				"commander": "2",
				"iconv-lite": "0.4",
				"rw": "1"
			}
		},
		"d3-ease": {
			"version": "2.0.0",
			"resolved": "https://registry.npmjs.org/d3-ease/-/d3-ease-2.0.0.tgz",
			"integrity": "sha512-68/n9JWarxXkOWMshcT5IcjbB+agblQUaIsbnXmrzejn2O82n3p2A9R2zEB9HIEFWKFwPAEDDN8gR0VdSAyyAQ=="
		},
		"d3-fetch": {
			"version": "2.0.0",
			"resolved": "https://registry.npmjs.org/d3-fetch/-/d3-fetch-2.0.0.tgz",
			"integrity": "sha512-TkYv/hjXgCryBeNKiclrwqZH7Nb+GaOwo3Neg24ZVWA3MKB+Rd+BY84Nh6tmNEMcjUik1CSUWjXYndmeO6F7sw==",
			"requires": {
				"d3-dsv": "1 - 2"
			}
		},
		"d3-force": {
			"version": "2.1.1",
			"resolved": "https://registry.npmjs.org/d3-force/-/d3-force-2.1.1.tgz",
			"integrity": "sha512-nAuHEzBqMvpFVMf9OX75d00OxvOXdxY+xECIXjW6Gv8BRrXu6gAWbv/9XKrvfJ5i5DCokDW7RYE50LRoK092ew==",
			"requires": {
				"d3-dispatch": "1 - 2",
				"d3-quadtree": "1 - 2",
				"d3-timer": "1 - 2"
			}
		},
		"d3-format": {
			"version": "2.0.0",
			"resolved": "https://registry.npmjs.org/d3-format/-/d3-format-2.0.0.tgz",
			"integrity": "sha512-Ab3S6XuE/Q+flY96HXT0jOXcM4EAClYFnRGY5zsjRGNy6qCYrQsMffs7cV5Q9xejb35zxW5hf/guKw34kvIKsA=="
		},
		"d3-geo": {
			"version": "2.0.1",
			"resolved": "https://registry.npmjs.org/d3-geo/-/d3-geo-2.0.1.tgz",
			"integrity": "sha512-M6yzGbFRfxzNrVhxDJXzJqSLQ90q1cCyb3EWFZ1LF4eWOBYxFypw7I/NFVBNXKNqxv1bqLathhYvdJ6DC+th3A==",
			"requires": {
				"d3-array": ">=2.5"
			}
		},
		"d3-hierarchy": {
			"version": "2.0.0",
			"resolved": "https://registry.npmjs.org/d3-hierarchy/-/d3-hierarchy-2.0.0.tgz",
			"integrity": "sha512-SwIdqM3HxQX2214EG9GTjgmCc/mbSx4mQBn+DuEETubhOw6/U3fmnji4uCVrmzOydMHSO1nZle5gh6HB/wdOzw=="
		},
		"d3-interpolate": {
			"version": "2.0.1",
			"resolved": "https://registry.npmjs.org/d3-interpolate/-/d3-interpolate-2.0.1.tgz",
			"integrity": "sha512-c5UhwwTs/yybcmTpAVqwSFl6vrQ8JZJoT5F7xNFK9pymv5C0Ymcc9/LIJHtYIggg/yS9YHw8i8O8tgb9pupjeQ==",
			"requires": {
				"d3-color": "1 - 2"
			}
		},
		"d3-path": {
			"version": "2.0.0",
			"resolved": "https://registry.npmjs.org/d3-path/-/d3-path-2.0.0.tgz",
			"integrity": "sha512-ZwZQxKhBnv9yHaiWd6ZU4x5BtCQ7pXszEV9CU6kRgwIQVQGLMv1oiL4M+MK/n79sYzsj+gcgpPQSctJUsLN7fA=="
		},
		"d3-polygon": {
			"version": "2.0.0",
			"resolved": "https://registry.npmjs.org/d3-polygon/-/d3-polygon-2.0.0.tgz",
			"integrity": "sha512-MsexrCK38cTGermELs0cO1d79DcTsQRN7IWMJKczD/2kBjzNXxLUWP33qRF6VDpiLV/4EI4r6Gs0DAWQkE8pSQ=="
		},
		"d3-quadtree": {
			"version": "2.0.0",
			"resolved": "https://registry.npmjs.org/d3-quadtree/-/d3-quadtree-2.0.0.tgz",
			"integrity": "sha512-b0Ed2t1UUalJpc3qXzKi+cPGxeXRr4KU9YSlocN74aTzp6R/Ud43t79yLLqxHRWZfsvWXmbDWPpoENK1K539xw=="
		},
		"d3-random": {
			"version": "2.2.2",
			"resolved": "https://registry.npmjs.org/d3-random/-/d3-random-2.2.2.tgz",
			"integrity": "sha512-0D9P8TRj6qDAtHhRQn6EfdOtHMfsUWanl3yb/84C4DqpZ+VsgfI5iTVRNRbELCfNvRfpMr8OrqqUTQ6ANGCijw=="
		},
		"d3-scale": {
			"version": "3.2.3",
			"resolved": "https://registry.npmjs.org/d3-scale/-/d3-scale-3.2.3.tgz",
			"integrity": "sha512-8E37oWEmEzj57bHcnjPVOBS3n4jqakOeuv1EDdQSiSrYnMCBdMd3nc4HtKk7uia8DUHcY/CGuJ42xxgtEYrX0g==",
			"requires": {
				"d3-array": "^2.3.0",
				"d3-format": "1 - 2",
				"d3-interpolate": "1.2.0 - 2",
				"d3-time": "1 - 2",
				"d3-time-format": "2 - 3"
			}
		},
		"d3-scale-chromatic": {
			"version": "2.0.0",
			"resolved": "https://registry.npmjs.org/d3-scale-chromatic/-/d3-scale-chromatic-2.0.0.tgz",
			"integrity": "sha512-LLqy7dJSL8yDy7NRmf6xSlsFZ6zYvJ4BcWFE4zBrOPnQERv9zj24ohnXKRbyi9YHnYV+HN1oEO3iFK971/gkzA==",
			"requires": {
				"d3-color": "1 - 2",
				"d3-interpolate": "1 - 2"
			}
		},
		"d3-selection": {
			"version": "2.0.0",
			"resolved": "https://registry.npmjs.org/d3-selection/-/d3-selection-2.0.0.tgz",
			"integrity": "sha512-XoGGqhLUN/W14NmaqcO/bb1nqjDAw5WtSYb2X8wiuQWvSZUsUVYsOSkOybUrNvcBjaywBdYPy03eXHMXjk9nZA=="
		},
		"d3-shape": {
			"version": "2.0.0",
			"resolved": "https://registry.npmjs.org/d3-shape/-/d3-shape-2.0.0.tgz",
			"integrity": "sha512-djpGlA779ua+rImicYyyjnOjeubyhql1Jyn1HK0bTyawuH76UQRWXd+pftr67H6Fa8hSwetkgb/0id3agKWykw==",
			"requires": {
				"d3-path": "1 - 2"
			}
		},
		"d3-time": {
			"version": "2.0.0",
			"resolved": "https://registry.npmjs.org/d3-time/-/d3-time-2.0.0.tgz",
			"integrity": "sha512-2mvhstTFcMvwStWd9Tj3e6CEqtOivtD8AUiHT8ido/xmzrI9ijrUUihZ6nHuf/vsScRBonagOdj0Vv+SEL5G3Q=="
		},
		"d3-time-format": {
			"version": "3.0.0",
			"resolved": "https://registry.npmjs.org/d3-time-format/-/d3-time-format-3.0.0.tgz",
			"integrity": "sha512-UXJh6EKsHBTjopVqZBhFysQcoXSv/5yLONZvkQ5Kk3qbwiUYkdX17Xa1PT6U1ZWXGGfB1ey5L8dKMlFq2DO0Ag==",
			"requires": {
				"d3-time": "1 - 2"
			}
		},
		"d3-timer": {
			"version": "2.0.0",
			"resolved": "https://registry.npmjs.org/d3-timer/-/d3-timer-2.0.0.tgz",
			"integrity": "sha512-TO4VLh0/420Y/9dO3+f9abDEFYeCUr2WZRlxJvbp4HPTQcSylXNiL6yZa9FIUvV1yRiFufl1bszTCLDqv9PWNA=="
		},
		"d3-transition": {
			"version": "2.0.0",
			"resolved": "https://registry.npmjs.org/d3-transition/-/d3-transition-2.0.0.tgz",
			"integrity": "sha512-42ltAGgJesfQE3u9LuuBHNbGrI/AJjNL2OAUdclE70UE6Vy239GCBEYD38uBPoLeNsOhFStGpPI0BAOV+HMxog==",
			"requires": {
				"d3-color": "1 - 2",
				"d3-dispatch": "1 - 2",
				"d3-ease": "1 - 2",
				"d3-interpolate": "1 - 2",
				"d3-timer": "1 - 2"
			}
		},
		"d3-zoom": {
			"version": "2.0.0",
			"resolved": "https://registry.npmjs.org/d3-zoom/-/d3-zoom-2.0.0.tgz",
			"integrity": "sha512-fFg7aoaEm9/jf+qfstak0IYpnesZLiMX6GZvXtUSdv8RH2o4E2qeelgdU09eKS6wGuiGMfcnMI0nTIqWzRHGpw==",
			"requires": {
				"d3-dispatch": "1 - 2",
				"d3-drag": "2",
				"d3-interpolate": "1 - 2",
				"d3-selection": "2",
				"d3-transition": "2"
			}
		},
		"delaunator": {
			"version": "4.0.1",
			"resolved": "https://registry.npmjs.org/delaunator/-/delaunator-4.0.1.tgz",
			"integrity": "sha512-WNPWi1IRKZfCt/qIDMfERkDp93+iZEmOxN2yy4Jg+Xhv8SLk2UTqqbe1sfiipn0and9QrE914/ihdx82Y/Giag=="
		},
		"dom-serializer": {
			"version": "0.2.2",
			"resolved": "https://registry.npmjs.org/dom-serializer/-/dom-serializer-0.2.2.tgz",
			"integrity": "sha512-2/xPb3ORsQ42nHYiSunXkDjPLBaEj/xTwUO4B7XCZQTRk7EBtTOPaygh10YAAh2OI1Qrp6NWfpAhzswj0ydt9g==",
			"requires": {
				"domelementtype": "^2.0.1",
				"entities": "^2.0.0"
			},
			"dependencies": {
				"domelementtype": {
					"version": "2.1.0",
					"resolved": "https://registry.npmjs.org/domelementtype/-/domelementtype-2.1.0.tgz",
					"integrity": "sha512-LsTgx/L5VpD+Q8lmsXSHW2WpA+eBlZ9HPf3erD1IoPF00/3JKHZ3BknUVA2QGDNu69ZNmyFmCWBSO45XjYKC5w=="
				},
				"entities": {
					"version": "2.1.0",
					"resolved": "https://registry.npmjs.org/entities/-/entities-2.1.0.tgz",
					"integrity": "sha512-hCx1oky9PFrJ611mf0ifBLBRW8lUUVRlFolb5gWRfIELabBlbp9xZvrqZLZAs+NxFnbfQoeGd8wDkygjg7U85w=="
				}
			}
		},
		"domelementtype": {
			"version": "1.3.1",
			"resolved": "https://registry.npmjs.org/domelementtype/-/domelementtype-1.3.1.tgz",
			"integrity": "sha512-BSKB+TSpMpFI/HOxCNr1O8aMOTZ8hT3pM3GQ0w/mWRmkhEDSFJkkyzz4XQsBV44BChwGkrDfMyjVD0eA2aFV3w=="
		},
		"domhandler": {
			"version": "2.4.2",
			"resolved": "https://registry.npmjs.org/domhandler/-/domhandler-2.4.2.tgz",
			"integrity": "sha512-JiK04h0Ht5u/80fdLMCEmV4zkNh2BcoMFBmZ/91WtYZ8qVXSKjiw7fXMgFPnHcSZgOo3XdinHvmnDUeMf5R4wA==",
			"requires": {
				"domelementtype": "1"
			}
		},
		"domutils": {
			"version": "1.7.0",
			"resolved": "https://registry.npmjs.org/domutils/-/domutils-1.7.0.tgz",
			"integrity": "sha512-Lgd2XcJ/NjEw+7tFvfKxOzCYKZsdct5lczQ2ZaQY8Djz7pfAD3Gbp8ySJWtreII/vDlMVmxwa6pHmdxIYgttDg==",
			"requires": {
				"dom-serializer": "0",
				"domelementtype": "1"
			}
		},
		"entities": {
			"version": "1.1.2",
			"resolved": "https://registry.npmjs.org/entities/-/entities-1.1.2.tgz",
			"integrity": "sha512-f2LZMYl1Fzu7YSBKg+RoROelpOaNrcGmE9AZubeDfrCEia483oW4MI4VyFd5VNHIgQ/7qm1I0wUHK1eJnn2y2w=="
		},
		"file-selector": {
			"version": "0.2.4",
			"resolved": "https://registry.npmjs.org/file-selector/-/file-selector-0.2.4.tgz",
			"integrity": "sha512-ZDsQNbrv6qRi1YTDOEWzf5J2KjZ9KMI1Q2SGeTkCJmNNW25Jg4TW4UMcmoqcg4WrAyKRcpBXdbWRxkfrOzVRbA==",
			"requires": {
				"tslib": "^2.0.3"
			}
		},
		"html-dom-parser": {
			"version": "0.3.0",
			"resolved": "https://registry.npmjs.org/html-dom-parser/-/html-dom-parser-0.3.0.tgz",
			"integrity": "sha512-WDEYpO5gHGKuJbf0rwndGq7yUHJ4xboNj9l9mRGw5RsKFc3jfRozCsGAMu69zXxt4Ol8UkbqubKxu8ys0BLKtA==",
			"requires": {
				"@types/domhandler": "2.4.1",
				"domhandler": "2.4.2",
				"htmlparser2": "3.10.1"
			}
		},
		"html-react-parser": {
			"version": "0.14.3",
			"resolved": "https://registry.npmjs.org/html-react-parser/-/html-react-parser-0.14.3.tgz",
			"integrity": "sha512-scZ1DHGbyRv0AjsavBndhTzAOQ5iWxzmD5z74cXU07mMcegt8MtlQoHx3SVGhVAkScqNgk1hgKoE80S3OFUt4A==",
			"requires": {
				"@types/htmlparser2": "3.10.2",
				"html-dom-parser": "0.3.0",
				"react-property": "1.0.1",
				"style-to-js": "1.1.0"
			}
		},
		"htmlparser2": {
			"version": "3.10.1",
			"resolved": "https://registry.npmjs.org/htmlparser2/-/htmlparser2-3.10.1.tgz",
			"integrity": "sha512-IgieNijUMbkDovyoKObU1DUhm1iwNYE/fuifEoEHfd1oZKZDaONBSkal7Y01shxsM49R4XaMdGez3WnF9UfiCQ==",
			"requires": {
				"domelementtype": "^1.3.1",
				"domhandler": "^2.3.0",
				"domutils": "^1.5.1",
				"entities": "^1.1.1",
				"inherits": "^2.0.1",
				"readable-stream": "^3.1.1"
			}
		},
		"iconv-lite": {
			"version": "0.4.24",
			"resolved": "https://registry.npmjs.org/iconv-lite/-/iconv-lite-0.4.24.tgz",
			"integrity": "sha512-v3MXnZAcvnywkTUEZomIActle7RXXeedOR31wwl7VlyoXO4Qi9arvSenNQWne1TcRwhCL1HwLI21bEqdpj8/rA==",
			"requires": {
				"safer-buffer": ">= 2.1.2 < 3"
			}
		},
		"inherits": {
			"version": "2.0.4",
			"resolved": "https://registry.npmjs.org/inherits/-/inherits-2.0.4.tgz",
			"integrity": "sha512-k/vGaX4/Yla3WzyMCvTQOXYeIHvqOKtnqBduzTHpzpQZzAskKMhZ2K+EnBiSM9zGSoIFeMpXKxa4dYeZIQqewQ=="
		},
		"inline-style-parser": {
			"version": "0.1.1",
			"resolved": "https://registry.npmjs.org/inline-style-parser/-/inline-style-parser-0.1.1.tgz",
			"integrity": "sha512-7NXolsK4CAS5+xvdj5OMMbI962hU/wvwoxk+LWR9Ek9bVtyuuYScDN6eS0rUm6TxApFpw7CX1o4uJzcd4AyD3Q=="
		},
		"js-tokens": {
			"version": "4.0.0",
			"resolved": "https://registry.npmjs.org/js-tokens/-/js-tokens-4.0.0.tgz",
			"integrity": "sha512-RdJUflcE3cUzKiMqQgsCu06FPu9UdIJO0beYbPhHN4k6apgJtifcoCtT9bcxOpYBtpD2kCM6Sbzg4CausW/PKQ=="
		},
		"loose-envify": {
			"version": "1.4.0",
			"resolved": "https://registry.npmjs.org/loose-envify/-/loose-envify-1.4.0.tgz",
			"integrity": "sha512-lyuxPGr/Wfhrlem2CL/UcnUc1zcqKAImBDzukY7Y5F/yQiNdko6+fRLevlw1HgMySw7f611UIY408EtxRSoK3Q==",
			"requires": {
				"js-tokens": "^3.0.0 || ^4.0.0"
			}
		},
		"mini-svg-data-uri": {
			"version": "1.2.3",
			"resolved": "https://registry.npmjs.org/mini-svg-data-uri/-/mini-svg-data-uri-1.2.3.tgz",
			"integrity": "sha512-zd6KCAyXgmq6FV1mR10oKXYtvmA9vRoB6xPSTUJTbFApCtkefDnYueVR1gkof3KcdLZo1Y8mjF2DFmQMIxsHNQ=="
		},
		"object-assign": {
			"version": "4.1.1",
			"resolved": "https://registry.npmjs.org/object-assign/-/object-assign-4.1.1.tgz",
			"integrity": "sha1-IQmtx5ZYh8/AXLvUQsrIv7s2CGM="
		},
		"prop-types": {
			"version": "15.7.2",
			"resolved": "https://registry.npmjs.org/prop-types/-/prop-types-15.7.2.tgz",
			"integrity": "sha512-8QQikdH7//R2vurIJSutZ1smHYTcLpRWEOlHnzcWHmBYrOGUysKwSsrC89BCiFj3CbrfJ/nXFdJepOVrY1GCHQ==",
			"requires": {
				"loose-envify": "^1.4.0",
				"object-assign": "^4.1.1",
				"react-is": "^16.8.1"
			}
		},
		"react-dropzone": {
			"version": "11.2.4",
			"resolved": "https://registry.npmjs.org/react-dropzone/-/react-dropzone-11.2.4.tgz",
			"integrity": "sha512-EGSvK2CxFTuc28WxwuJCICyuYFX8b+sRumwU6Bs6sTbElV2HtQkT0d6C+HEee6XfbjiLIZ+Th9uji27rvo2wGw==",
			"requires": {
				"attr-accept": "^2.2.1",
				"file-selector": "^0.2.2",
				"prop-types": "^15.7.2"
			}
		},
		"react-is": {
			"version": "16.13.1",
			"resolved": "https://registry.npmjs.org/react-is/-/react-is-16.13.1.tgz",
			"integrity": "sha512-24e6ynE2H+OKt4kqsOvNd8kBpV65zoxbA4BVsEOB3ARVWQki/DHzaUoC5KuON/BiccDaCCTZBuOcfZs70kR8bQ=="
		},
		"react-property": {
			"version": "1.0.1",
			"resolved": "https://registry.npmjs.org/react-property/-/react-property-1.0.1.tgz",
			"integrity": "sha512-1tKOwxFn3dXVomH6pM9IkLkq2Y8oh+fh/lYW3MJ/B03URswUTqttgckOlbxY2XHF3vPG6uanSc4dVsLW/wk3wQ=="
		},
		"react-table": {
			"version": "7.6.2",
			"resolved": "https://registry.npmjs.org/react-table/-/react-table-7.6.2.tgz",
			"integrity": "sha512-urwNZTieb+xg/+BITUIrqdH5jZfJlw7rKVAAq25iXpBPwbQojLCEKJuGycLbVwn8fzU+Ovly3y8HHNaLNrPCvQ=="
		},
		"readable-stream": {
			"version": "3.6.0",
			"resolved": "https://registry.npmjs.org/readable-stream/-/readable-stream-3.6.0.tgz",
			"integrity": "sha512-BViHy7LKeTz4oNnkcLJ+lVSL6vpiFeX6/d3oSH8zCW7UxP2onchk+vTGB143xuFjHS3deTgkKoXXymXqymiIdA==",
			"requires": {
				"inherits": "^2.0.3",
				"string_decoder": "^1.1.1",
				"util-deprecate": "^1.0.1"
			}
		},
		"regenerator-runtime": {
			"version": "0.13.7",
			"resolved": "https://registry.npmjs.org/regenerator-runtime/-/regenerator-runtime-0.13.7.tgz",
			"integrity": "sha512-a54FxoJDIr27pgf7IgeQGxmqUNYrcV338lf/6gH456HZ/PhX+5BcwHXG9ajESmwe6WRO0tAzRUrRmNONWgkrew=="
		},
		"rw": {
			"version": "1.3.3",
			"resolved": "https://registry.npmjs.org/rw/-/rw-1.3.3.tgz",
			"integrity": "sha1-P4Yt+pGrdmsUiF700BEkv9oHT7Q="
		},
		"safe-buffer": {
			"version": "5.2.1",
			"resolved": "https://registry.npmjs.org/safe-buffer/-/safe-buffer-5.2.1.tgz",
			"integrity": "sha512-rp3So07KcdmmKbGvgaNxQSJr7bGVSVk5S9Eq1F+ppbRo70+YeaDxkw5Dd8NPN+GD6bjnYm2VuPuCXmpuYvmCXQ=="
		},
		"safer-buffer": {
			"version": "2.1.2",
			"resolved": "https://registry.npmjs.org/safer-buffer/-/safer-buffer-2.1.2.tgz",
			"integrity": "sha512-YZo3K82SD7Riyi0E1EQPojLz7kpepnSQI9IyPbHHg1XXXevb5dJI7tpyN2ADxGcQbHG7vcyRHk0cbwqcQriUtg=="
		},
		"string_decoder": {
			"version": "1.3.0",
			"resolved": "https://registry.npmjs.org/string_decoder/-/string_decoder-1.3.0.tgz",
			"integrity": "sha512-hkRX8U1WjJFd8LsDJ2yQ/wWWxaopEsABU1XfkM8A+j0+85JAGppt16cr1Whg6KIbb4okU6Mql6BOj+uup/wKeA==",
			"requires": {
				"safe-buffer": "~5.2.0"
			}
		},
		"style-to-js": {
			"version": "1.1.0",
			"resolved": "https://registry.npmjs.org/style-to-js/-/style-to-js-1.1.0.tgz",
			"integrity": "sha512-1OqefPDxGrlMwcbfpsTVRyzwdhr4W0uxYQzeA2F1CBc8WG04udg2+ybRnvh3XYL4TdHQrCahLtax2jc8xaE6rA==",
			"requires": {
				"style-to-object": "0.3.0"
			}
		},
		"style-to-object": {
			"version": "0.3.0",
			"resolved": "https://registry.npmjs.org/style-to-object/-/style-to-object-0.3.0.tgz",
			"integrity": "sha512-CzFnRRXhzWIdItT3OmF8SQfWyahHhjq3HwcMNCNLn+N7klOOqPjMeG/4JSu77D7ypZdGvSzvkrbyeTMizz2VrA==",
			"requires": {
				"inline-style-parser": "0.1.1"
			}
		},
		"tslib": {
			"version": "2.1.0",
			"resolved": "https://registry.npmjs.org/tslib/-/tslib-2.1.0.tgz",
			"integrity": "sha512-hcVC3wYEziELGGmEEXue7D75zbwIIVUMWAVbHItGPx0ziyXxrOMQx4rQEVEV45Ut/1IotuEvwqPopzIOkDMf0A=="
		},
		"util-deprecate": {
			"version": "1.0.2",
			"resolved": "https://registry.npmjs.org/util-deprecate/-/util-deprecate-1.0.2.tgz",
			"integrity": "sha1-RQ1Nyfpw3nMnYvvS1KKJgUGaDM8="
		}
	}
}
